{
  "version": 4,
  "terraform_version": "1.6.2",
  "serial": 192,
  "lineage": "388c92a1-88fc-df36-832b-40949c88308b",
  "outputs": {},
  "resources": [
    {
      "mode": "managed",
      "type": "google_storage_bucket",
      "name": "raw-data",
      "provider": "provider[\"registry.opentofu.org/hashicorp/google\"]",
      "instances": [
        {
          "schema_version": 1,
          "attributes": {
            "autoclass": [],
            "cors": [],
            "custom_placement_config": [],
            "default_event_based_hold": false,
            "effective_labels": {},
            "enable_object_retention": false,
            "encryption": [],
            "force_destroy": false,
            "id": "org-icelus-us-healthcare-survey-raw",
            "labels": {},
            "lifecycle_rule": [],
            "location": "US",
            "logging": [],
            "name": "org-icelus-us-healthcare-survey-raw",
            "project": "us-healthcare-survey",
            "public_access_prevention": "inherited",
            "requester_pays": true,
            "retention_policy": [],
            "rpo": "DEFAULT",
            "self_link": "https://www.googleapis.com/storage/v1/b/org-icelus-us-healthcare-survey-raw",
            "storage_class": "STANDARD",
            "terraform_labels": {},
            "timeouts": null,
            "uniform_bucket_level_access": false,
            "url": "gs://org-icelus-us-healthcare-survey-raw",
            "versioning": [],
            "website": []
          },
          "sensitive_attributes": [],
          "private": "eyJlMmJmYjczMC1lY2FhLTExZTYtOGY4OC0zNDM2M2JjN2M0YzAiOnsiY3JlYXRlIjo2MDAwMDAwMDAwMDAsInJlYWQiOjI0MDAwMDAwMDAwMCwidXBkYXRlIjoyNDAwMDAwMDAwMDB9LCJzY2hlbWFfdmVyc2lvbiI6IjEifQ=="
        }
      ]
    },
    {
      "mode": "managed",
      "type": "google_storage_bucket_access_control",
      "name": "make-raw-publicly-readable",
      "provider": "provider[\"registry.opentofu.org/hashicorp/google\"]",
      "instances": [
        {
          "schema_version": 0,
          "attributes": {
            "bucket": "org-icelus-us-healthcare-survey-raw",
            "domain": "",
            "email": "",
            "entity": "allUsers",
            "id": "org-icelus-us-healthcare-survey-raw/allUsers",
            "role": "READER",
            "timeouts": null
          },
          "sensitive_attributes": [],
          "private": "eyJlMmJmYjczMC1lY2FhLTExZTYtOGY4OC0zNDM2M2JjN2M0YzAiOnsiY3JlYXRlIjoxMjAwMDAwMDAwMDAwLCJkZWxldGUiOjEyMDAwMDAwMDAwMDAsInVwZGF0ZSI6MTIwMDAwMDAwMDAwMH19",
          "dependencies": [
            "google_storage_bucket.raw-data"
          ]
        }
      ]
    },
    {
      "mode": "managed",
      "type": "google_storage_bucket_object",
      "name": "census_data_raw_pdfs",
      "provider": "provider[\"registry.opentofu.org/hashicorp/google\"]",
      "instances": [
        {
          "index_key": "raw-data/1790/1790-number-of-persons.pdf",
          "schema_version": 0,
          "attributes": {
            "bucket": "org-icelus-us-healthcare-survey-raw",
            "cache_control": "",
            "content": null,
            "content_disposition": "",
            "content_encoding": "",
            "content_language": "",
            "content_type": "application/pdf",
            "crc32c": "dYL59Q==",
            "customer_encryption": [],
            "detect_md5hash": "miUKrphjyeKMjG/uBq0oxw==",
            "event_based_hold": false,
            "id": "org-icelus-us-healthcare-survey-raw-raw-data/1790/1790-number-of-persons.pdf",
            "kms_key_name": "",
            "md5hash": "miUKrphjyeKMjG/uBq0oxw==",
            "media_link": "https://storage.googleapis.com/download/storage/v1/b/org-icelus-us-healthcare-survey-raw/o/raw-data%2F1790%2F1790-number-of-persons.pdf?generation=1711808161343487\u0026alt=media",
            "metadata": {},
            "name": "raw-data/1790/1790-number-of-persons.pdf",
            "output_name": "raw-data/1790/1790-number-of-persons.pdf",
            "retention": [],
            "self_link": "https://www.googleapis.com/storage/v1/b/org-icelus-us-healthcare-survey-raw/o/raw-data%2F1790%2F1790-number-of-persons.pdf",
            "source": "raw-data/1790/1790-number-of-persons.pdf",
            "storage_class": "STANDARD",
            "temporary_hold": false,
            "timeouts": null
          },
          "sensitive_attributes": [],
          "private": "eyJlMmJmYjczMC1lY2FhLTExZTYtOGY4OC0zNDM2M2JjN2M0YzAiOnsiY3JlYXRlIjoyNDAwMDAwMDAwMDAsImRlbGV0ZSI6MjQwMDAwMDAwMDAwLCJ1cGRhdGUiOjI0MDAwMDAwMDAwMH19",
          "dependencies": [
            "google_storage_bucket.raw-data"
          ]
        },
        {
          "index_key": "raw-data/1800/1800-returns.pdf",
          "schema_version": 0,
          "attributes": {
            "bucket": "org-icelus-us-healthcare-survey-raw",
            "cache_control": "",
            "content": null,
            "content_disposition": "",
            "content_encoding": "",
            "content_language": "",
            "content_type": "application/pdf",
            "crc32c": "vbBqFw==",
            "customer_encryption": [],
            "detect_md5hash": "DmSPetQCDprTFLg9imTz7A==",
            "event_based_hold": false,
            "id": "org-icelus-us-healthcare-survey-raw-raw-data/1800/1800-returns.pdf",
            "kms_key_name": "",
            "md5hash": "DmSPetQCDprTFLg9imTz7A==",
            "media_link": "https://storage.googleapis.com/download/storage/v1/b/org-icelus-us-healthcare-survey-raw/o/raw-data%2F1800%2F1800-returns.pdf?generation=1711808173913761\u0026alt=media",
            "metadata": {},
            "name": "raw-data/1800/1800-returns.pdf",
            "output_name": "raw-data/1800/1800-returns.pdf",
            "retention": [],
            "self_link": "https://www.googleapis.com/storage/v1/b/org-icelus-us-healthcare-survey-raw/o/raw-data%2F1800%2F1800-returns.pdf",
            "source": "raw-data/1800/1800-returns.pdf",
            "storage_class": "STANDARD",
            "temporary_hold": false,
            "timeouts": null
          },
          "sensitive_attributes": [],
          "private": "eyJlMmJmYjczMC1lY2FhLTExZTYtOGY4OC0zNDM2M2JjN2M0YzAiOnsiY3JlYXRlIjoyNDAwMDAwMDAwMDAsImRlbGV0ZSI6MjQwMDAwMDAwMDAwLCJ1cGRhdGUiOjI0MDAwMDAwMDAwMH19",
          "dependencies": [
            "google_storage_bucket.raw-data"
          ]
        },
        {
          "index_key": "raw-data/1820/1820a-02.pdf",
          "schema_version": 0,
          "attributes": {
            "bucket": "org-icelus-us-healthcare-survey-raw",
            "cache_control": "",
            "content": null,
            "content_disposition": "",
            "content_encoding": "",
            "content_language": "",
            "content_type": "application/pdf",
            "crc32c": "iliblw==",
            "customer_encryption": [],
            "detect_md5hash": "w3f+7g2/pzttGmNkOPFXEg==",
            "event_based_hold": false,
            "id": "org-icelus-us-healthcare-survey-raw-raw-data/1820/1820a-02.pdf",
            "kms_key_name": "",
            "md5hash": "w3f+7g2/pzttGmNkOPFXEg==",
            "media_link": "https://storage.googleapis.com/download/storage/v1/b/org-icelus-us-healthcare-survey-raw/o/raw-data%2F1820%2F1820a-02.pdf?generation=1711808171188437\u0026alt=media",
            "metadata": {},
            "name": "raw-data/1820/1820a-02.pdf",
            "output_name": "raw-data/1820/1820a-02.pdf",
            "retention": [],
            "self_link": "https://www.googleapis.com/storage/v1/b/org-icelus-us-healthcare-survey-raw/o/raw-data%2F1820%2F1820a-02.pdf",
            "source": "raw-data/1820/1820a-02.pdf",
            "storage_class": "STANDARD",
            "temporary_hold": false,
            "timeouts": null
          },
          "sensitive_attributes": [],
          "private": "eyJlMmJmYjczMC1lY2FhLTExZTYtOGY4OC0zNDM2M2JjN2M0YzAiOnsiY3JlYXRlIjoyNDAwMDAwMDAwMDAsImRlbGV0ZSI6MjQwMDAwMDAwMDAwLCJ1cGRhdGUiOjI0MDAwMDAwMDAwMH19",
          "dependencies": [
            "google_storage_bucket.raw-data"
          ]
        },
        {
          "index_key": "raw-data/1850/1850a-14.pdf",
          "schema_version": 0,
          "attributes": {
            "bucket": "org-icelus-us-healthcare-survey-raw",
            "cache_control": "",
            "content": null,
            "content_disposition": "",
            "content_encoding": "",
            "content_language": "",
            "content_type": "application/pdf",
            "crc32c": "nKx+2w==",
            "customer_encryption": [],
            "detect_md5hash": "bG8so2hAsxgCiI4QH1fYqA==",
            "event_based_hold": false,
            "id": "org-icelus-us-healthcare-survey-raw-raw-data/1850/1850a-14.pdf",
            "kms_key_name": "",
            "md5hash": "bG8so2hAsxgCiI4QH1fYqA==",
            "media_link": "https://storage.googleapis.com/download/storage/v1/b/org-icelus-us-healthcare-survey-raw/o/raw-data%2F1850%2F1850a-14.pdf?generation=1711808134632542\u0026alt=media",
            "metadata": {},
            "name": "raw-data/1850/1850a-14.pdf",
            "output_name": "raw-data/1850/1850a-14.pdf",
            "retention": [],
            "self_link": "https://www.googleapis.com/storage/v1/b/org-icelus-us-healthcare-survey-raw/o/raw-data%2F1850%2F1850a-14.pdf",
            "source": "raw-data/1850/1850a-14.pdf",
            "storage_class": "STANDARD",
            "temporary_hold": false,
            "timeouts": null
          },
          "sensitive_attributes": [],
          "private": "eyJlMmJmYjczMC1lY2FhLTExZTYtOGY4OC0zNDM2M2JjN2M0YzAiOnsiY3JlYXRlIjoyNDAwMDAwMDAwMDAsImRlbGV0ZSI6MjQwMDAwMDAwMDAwLCJ1cGRhdGUiOjI0MDAwMDAwMDAwMH19",
          "dependencies": [
            "google_storage_bucket.raw-data"
          ]
        },
        {
          "index_key": "raw-data/1860/state-al.pdf",
          "schema_version": 0,
          "attributes": {
            "bucket": "org-icelus-us-healthcare-survey-raw",
            "cache_control": "",
            "content": null,
            "content_disposition": "",
            "content_encoding": "",
            "content_language": "",
            "content_type": "application/pdf",
            "crc32c": "YieoEg==",
            "customer_encryption": [],
            "detect_md5hash": "pNRtgG2RnpxkcooLI/q8Ww==",
            "event_based_hold": false,
            "id": "org-icelus-us-healthcare-survey-raw-raw-data/1860/state-al.pdf",
            "kms_key_name": "",
            "md5hash": "pNRtgG2RnpxkcooLI/q8Ww==",
            "media_link": "https://storage.googleapis.com/download/storage/v1/b/org-icelus-us-healthcare-survey-raw/o/raw-data%2F1860%2Fstate-al.pdf?generation=1711808130013241\u0026alt=media",
            "metadata": {},
            "name": "raw-data/1860/state-al.pdf",
            "output_name": "raw-data/1860/state-al.pdf",
            "retention": [],
            "self_link": "https://www.googleapis.com/storage/v1/b/org-icelus-us-healthcare-survey-raw/o/raw-data%2F1860%2Fstate-al.pdf",
            "source": "raw-data/1860/state-al.pdf",
            "storage_class": "STANDARD",
            "temporary_hold": false,
            "timeouts": null
          },
          "sensitive_attributes": [],
          "private": "eyJlMmJmYjczMC1lY2FhLTExZTYtOGY4OC0zNDM2M2JjN2M0YzAiOnsiY3JlYXRlIjoyNDAwMDAwMDAwMDAsImRlbGV0ZSI6MjQwMDAwMDAwMDAwLCJ1cGRhdGUiOjI0MDAwMDAwMDAwMH19",
          "dependencies": [
            "google_storage_bucket.raw-data"
          ]
        },
        {
          "index_key": "raw-data/1860/state-ar.pdf",
          "schema_version": 0,
          "attributes": {
            "bucket": "org-icelus-us-healthcare-survey-raw",
            "cache_control": "",
            "content": null,
            "content_disposition": "",
            "content_encoding": "",
            "content_language": "",
            "content_type": "application/pdf",
            "crc32c": "UHYLdg==",
            "customer_encryption": [],
            "detect_md5hash": "lPQtcr5U7fvoM1NcFvhVUQ==",
            "event_based_hold": false,
            "id": "org-icelus-us-healthcare-survey-raw-raw-data/1860/state-ar.pdf",
            "kms_key_name": "",
            "md5hash": "lPQtcr5U7fvoM1NcFvhVUQ==",
            "media_link": "https://storage.googleapis.com/download/storage/v1/b/org-icelus-us-healthcare-survey-raw/o/raw-data%2F1860%2Fstate-ar.pdf?generation=1711808146411202\u0026alt=media",
            "metadata": {},
            "name": "raw-data/1860/state-ar.pdf",
            "output_name": "raw-data/1860/state-ar.pdf",
            "retention": [],
            "self_link": "https://www.googleapis.com/storage/v1/b/org-icelus-us-healthcare-survey-raw/o/raw-data%2F1860%2Fstate-ar.pdf",
            "source": "raw-data/1860/state-ar.pdf",
            "storage_class": "STANDARD",
            "temporary_hold": false,
            "timeouts": null
          },
          "sensitive_attributes": [],
          "private": "eyJlMmJmYjczMC1lY2FhLTExZTYtOGY4OC0zNDM2M2JjN2M0YzAiOnsiY3JlYXRlIjoyNDAwMDAwMDAwMDAsImRlbGV0ZSI6MjQwMDAwMDAwMDAwLCJ1cGRhdGUiOjI0MDAwMDAwMDAwMH19",
          "dependencies": [
            "google_storage_bucket.raw-data"
          ]
        },
        {
          "index_key": "raw-data/1860/state-ca.pdf",
          "schema_version": 0,
          "attributes": {
            "bucket": "org-icelus-us-healthcare-survey-raw",
            "cache_control": "",
            "content": null,
            "content_disposition": "",
            "content_encoding": "",
            "content_language": "",
            "content_type": "application/pdf",
            "crc32c": "3PbArQ==",
            "customer_encryption": [],
            "detect_md5hash": "ddBF6mnAmhwccXt0jxUrKw==",
            "event_based_hold": false,
            "id": "org-icelus-us-healthcare-survey-raw-raw-data/1860/state-ca.pdf",
            "kms_key_name": "",
            "md5hash": "ddBF6mnAmhwccXt0jxUrKw==",
            "media_link": "https://storage.googleapis.com/download/storage/v1/b/org-icelus-us-healthcare-survey-raw/o/raw-data%2F1860%2Fstate-ca.pdf?generation=1711808136690938\u0026alt=media",
            "metadata": {},
            "name": "raw-data/1860/state-ca.pdf",
            "output_name": "raw-data/1860/state-ca.pdf",
            "retention": [],
            "self_link": "https://www.googleapis.com/storage/v1/b/org-icelus-us-healthcare-survey-raw/o/raw-data%2F1860%2Fstate-ca.pdf",
            "source": "raw-data/1860/state-ca.pdf",
            "storage_class": "STANDARD",
            "temporary_hold": false,
            "timeouts": null
          },
          "sensitive_attributes": [],
          "private": "eyJlMmJmYjczMC1lY2FhLTExZTYtOGY4OC0zNDM2M2JjN2M0YzAiOnsiY3JlYXRlIjoyNDAwMDAwMDAwMDAsImRlbGV0ZSI6MjQwMDAwMDAwMDAwLCJ1cGRhdGUiOjI0MDAwMDAwMDAwMH19",
          "dependencies": [
            "google_storage_bucket.raw-data"
          ]
        },
        {
          "index_key": "raw-data/1860/state-ct.pdf",
          "schema_version": 0,
          "attributes": {
            "bucket": "org-icelus-us-healthcare-survey-raw",
            "cache_control": "",
            "content": null,
            "content_disposition": "",
            "content_encoding": "",
            "content_language": "",
            "content_type": "application/pdf",
            "crc32c": "M3WlWQ==",
            "customer_encryption": [],
            "detect_md5hash": "Zblxlun13xBvjnM5LgZRTw==",
            "event_based_hold": false,
            "id": "org-icelus-us-healthcare-survey-raw-raw-data/1860/state-ct.pdf",
            "kms_key_name": "",
            "md5hash": "Zblxlun13xBvjnM5LgZRTw==",
            "media_link": "https://storage.googleapis.com/download/storage/v1/b/org-icelus-us-healthcare-survey-raw/o/raw-data%2F1860%2Fstate-ct.pdf?generation=1711808148034152\u0026alt=media",
            "metadata": {},
            "name": "raw-data/1860/state-ct.pdf",
            "output_name": "raw-data/1860/state-ct.pdf",
            "retention": [],
            "self_link": "https://www.googleapis.com/storage/v1/b/org-icelus-us-healthcare-survey-raw/o/raw-data%2F1860%2Fstate-ct.pdf",
            "source": "raw-data/1860/state-ct.pdf",
            "storage_class": "STANDARD",
            "temporary_hold": false,
            "timeouts": null
          },
          "sensitive_attributes": [],
          "private": "eyJlMmJmYjczMC1lY2FhLTExZTYtOGY4OC0zNDM2M2JjN2M0YzAiOnsiY3JlYXRlIjoyNDAwMDAwMDAwMDAsImRlbGV0ZSI6MjQwMDAwMDAwMDAwLCJ1cGRhdGUiOjI0MDAwMDAwMDAwMH19",
          "dependencies": [
            "google_storage_bucket.raw-data"
          ]
        },
        {
          "index_key": "raw-data/1860/state-de.pdf",
          "schema_version": 0,
          "attributes": {
            "bucket": "org-icelus-us-healthcare-survey-raw",
            "cache_control": "",
            "content": null,
            "content_disposition": "",
            "content_encoding": "",
            "content_language": "",
            "content_type": "application/pdf",
            "crc32c": "OAfmBA==",
            "customer_encryption": [],
            "detect_md5hash": "NioRib2bgQ5q/G+k4ki8RQ==",
            "event_based_hold": false,
            "id": "org-icelus-us-healthcare-survey-raw-raw-data/1860/state-de.pdf",
            "kms_key_name": "",
            "md5hash": "NioRib2bgQ5q/G+k4ki8RQ==",
            "media_link": "https://storage.googleapis.com/download/storage/v1/b/org-icelus-us-healthcare-survey-raw/o/raw-data%2F1860%2Fstate-de.pdf?generation=1711808145674636\u0026alt=media",
            "metadata": {},
            "name": "raw-data/1860/state-de.pdf",
            "output_name": "raw-data/1860/state-de.pdf",
            "retention": [],
            "self_link": "https://www.googleapis.com/storage/v1/b/org-icelus-us-healthcare-survey-raw/o/raw-data%2F1860%2Fstate-de.pdf",
            "source": "raw-data/1860/state-de.pdf",
            "storage_class": "STANDARD",
            "temporary_hold": false,
            "timeouts": null
          },
          "sensitive_attributes": [],
          "private": "eyJlMmJmYjczMC1lY2FhLTExZTYtOGY4OC0zNDM2M2JjN2M0YzAiOnsiY3JlYXRlIjoyNDAwMDAwMDAwMDAsImRlbGV0ZSI6MjQwMDAwMDAwMDAwLCJ1cGRhdGUiOjI0MDAwMDAwMDAwMH19",
          "dependencies": [
            "google_storage_bucket.raw-data"
          ]
        },
        {
          "index_key": "raw-data/1860/state-fl.pdf",
          "schema_version": 0,
          "attributes": {
            "bucket": "org-icelus-us-healthcare-survey-raw",
            "cache_control": "",
            "content": null,
            "content_disposition": "",
            "content_encoding": "",
            "content_language": "",
            "content_type": "application/pdf",
            "crc32c": "AKQb9w==",
            "customer_encryption": [],
            "detect_md5hash": "D3ybxtSNbgSHKnI/Ywhp2A==",
            "event_based_hold": false,
            "id": "org-icelus-us-healthcare-survey-raw-raw-data/1860/state-fl.pdf",
            "kms_key_name": "",
            "md5hash": "D3ybxtSNbgSHKnI/Ywhp2A==",
            "media_link": "https://storage.googleapis.com/download/storage/v1/b/org-icelus-us-healthcare-survey-raw/o/raw-data%2F1860%2Fstate-fl.pdf?generation=1711808132103563\u0026alt=media",
            "metadata": {},
            "name": "raw-data/1860/state-fl.pdf",
            "output_name": "raw-data/1860/state-fl.pdf",
            "retention": [],
            "self_link": "https://www.googleapis.com/storage/v1/b/org-icelus-us-healthcare-survey-raw/o/raw-data%2F1860%2Fstate-fl.pdf",
            "source": "raw-data/1860/state-fl.pdf",
            "storage_class": "STANDARD",
            "temporary_hold": false,
            "timeouts": null
          },
          "sensitive_attributes": [],
          "private": "eyJlMmJmYjczMC1lY2FhLTExZTYtOGY4OC0zNDM2M2JjN2M0YzAiOnsiY3JlYXRlIjoyNDAwMDAwMDAwMDAsImRlbGV0ZSI6MjQwMDAwMDAwMDAwLCJ1cGRhdGUiOjI0MDAwMDAwMDAwMH19",
          "dependencies": [
            "google_storage_bucket.raw-data"
          ]
        },
        {
          "index_key": "raw-data/1860/state-ga.pdf",
          "schema_version": 0,
          "attributes": {
            "bucket": "org-icelus-us-healthcare-survey-raw",
            "cache_control": "",
            "content": null,
            "content_disposition": "",
            "content_encoding": "",
            "content_language": "",
            "content_type": "application/pdf",
            "crc32c": "j0Tt6g==",
            "customer_encryption": [],
            "detect_md5hash": "umg76q7+YKlnFHCIfsnKiA==",
            "event_based_hold": false,
            "id": "org-icelus-us-healthcare-survey-raw-raw-data/1860/state-ga.pdf",
            "kms_key_name": "",
            "md5hash": "umg76q7+YKlnFHCIfsnKiA==",
            "media_link": "https://storage.googleapis.com/download/storage/v1/b/org-icelus-us-healthcare-survey-raw/o/raw-data%2F1860%2Fstate-ga.pdf?generation=1711808134570544\u0026alt=media",
            "metadata": {},
            "name": "raw-data/1860/state-ga.pdf",
            "output_name": "raw-data/1860/state-ga.pdf",
            "retention": [],
            "self_link": "https://www.googleapis.com/storage/v1/b/org-icelus-us-healthcare-survey-raw/o/raw-data%2F1860%2Fstate-ga.pdf",
            "source": "raw-data/1860/state-ga.pdf",
            "storage_class": "STANDARD",
            "temporary_hold": false,
            "timeouts": null
          },
          "sensitive_attributes": [],
          "private": "eyJlMmJmYjczMC1lY2FhLTExZTYtOGY4OC0zNDM2M2JjN2M0YzAiOnsiY3JlYXRlIjoyNDAwMDAwMDAwMDAsImRlbGV0ZSI6MjQwMDAwMDAwMDAwLCJ1cGRhdGUiOjI0MDAwMDAwMDAwMH19",
          "dependencies": [
            "google_storage_bucket.raw-data"
          ]
        },
        {
          "index_key": "raw-data/1860/state-ia.pdf",
          "schema_version": 0,
          "attributes": {
            "bucket": "org-icelus-us-healthcare-survey-raw",
            "cache_control": "",
            "content": null,
            "content_disposition": "",
            "content_encoding": "",
            "content_language": "",
            "content_type": "application/pdf",
            "crc32c": "FmczVg==",
            "customer_encryption": [],
            "detect_md5hash": "c6HwQmsHD+rJjGJ837O9Cg==",
            "event_based_hold": false,
            "id": "org-icelus-us-healthcare-survey-raw-raw-data/1860/state-ia.pdf",
            "kms_key_name": "",
            "md5hash": "c6HwQmsHD+rJjGJ837O9Cg==",
            "media_link": "https://storage.googleapis.com/download/storage/v1/b/org-icelus-us-healthcare-survey-raw/o/raw-data%2F1860%2Fstate-ia.pdf?generation=1711808138975045\u0026alt=media",
            "metadata": {},
            "name": "raw-data/1860/state-ia.pdf",
            "output_name": "raw-data/1860/state-ia.pdf",
            "retention": [],
            "self_link": "https://www.googleapis.com/storage/v1/b/org-icelus-us-healthcare-survey-raw/o/raw-data%2F1860%2Fstate-ia.pdf",
            "source": "raw-data/1860/state-ia.pdf",
            "storage_class": "STANDARD",
            "temporary_hold": false,
            "timeouts": null
          },
          "sensitive_attributes": [],
          "private": "eyJlMmJmYjczMC1lY2FhLTExZTYtOGY4OC0zNDM2M2JjN2M0YzAiOnsiY3JlYXRlIjoyNDAwMDAwMDAwMDAsImRlbGV0ZSI6MjQwMDAwMDAwMDAwLCJ1cGRhdGUiOjI0MDAwMDAwMDAwMH19",
          "dependencies": [
            "google_storage_bucket.raw-data"
          ]
        },
        {
          "index_key": "raw-data/1860/state-il.pdf",
          "schema_version": 0,
          "attributes": {
            "bucket": "org-icelus-us-healthcare-survey-raw",
            "cache_control": "",
            "content": null,
            "content_disposition": "",
            "content_encoding": "",
            "content_language": "",
            "content_type": "application/pdf",
            "crc32c": "ijGH8Q==",
            "customer_encryption": [],
            "detect_md5hash": "4GOV4m4dh+QeA/8CMIKRbQ==",
            "event_based_hold": false,
            "id": "org-icelus-us-healthcare-survey-raw-raw-data/1860/state-il.pdf",
            "kms_key_name": "",
            "md5hash": "4GOV4m4dh+QeA/8CMIKRbQ==",
            "media_link": "https://storage.googleapis.com/download/storage/v1/b/org-icelus-us-healthcare-survey-raw/o/raw-data%2F1860%2Fstate-il.pdf?generation=1711808143429080\u0026alt=media",
            "metadata": {},
            "name": "raw-data/1860/state-il.pdf",
            "output_name": "raw-data/1860/state-il.pdf",
            "retention": [],
            "self_link": "https://www.googleapis.com/storage/v1/b/org-icelus-us-healthcare-survey-raw/o/raw-data%2F1860%2Fstate-il.pdf",
            "source": "raw-data/1860/state-il.pdf",
            "storage_class": "STANDARD",
            "temporary_hold": false,
            "timeouts": null
          },
          "sensitive_attributes": [],
          "private": "eyJlMmJmYjczMC1lY2FhLTExZTYtOGY4OC0zNDM2M2JjN2M0YzAiOnsiY3JlYXRlIjoyNDAwMDAwMDAwMDAsImRlbGV0ZSI6MjQwMDAwMDAwMDAwLCJ1cGRhdGUiOjI0MDAwMDAwMDAwMH19",
          "dependencies": [
            "google_storage_bucket.raw-data"
          ]
        },
        {
          "index_key": "raw-data/1860/state-in.pdf",
          "schema_version": 0,
          "attributes": {
            "bucket": "org-icelus-us-healthcare-survey-raw",
            "cache_control": "",
            "content": null,
            "content_disposition": "",
            "content_encoding": "",
            "content_language": "",
            "content_type": "application/pdf",
            "crc32c": "M2Obfw==",
            "customer_encryption": [],
            "detect_md5hash": "Cn2UmauRvyKhZWhYhtVypQ==",
            "event_based_hold": false,
            "id": "org-icelus-us-healthcare-survey-raw-raw-data/1860/state-in.pdf",
            "kms_key_name": "",
            "md5hash": "Cn2UmauRvyKhZWhYhtVypQ==",
            "media_link": "https://storage.googleapis.com/download/storage/v1/b/org-icelus-us-healthcare-survey-raw/o/raw-data%2F1860%2Fstate-in.pdf?generation=1711808150183264\u0026alt=media",
            "metadata": {},
            "name": "raw-data/1860/state-in.pdf",
            "output_name": "raw-data/1860/state-in.pdf",
            "retention": [],
            "self_link": "https://www.googleapis.com/storage/v1/b/org-icelus-us-healthcare-survey-raw/o/raw-data%2F1860%2Fstate-in.pdf",
            "source": "raw-data/1860/state-in.pdf",
            "storage_class": "STANDARD",
            "temporary_hold": false,
            "timeouts": null
          },
          "sensitive_attributes": [],
          "private": "eyJlMmJmYjczMC1lY2FhLTExZTYtOGY4OC0zNDM2M2JjN2M0YzAiOnsiY3JlYXRlIjoyNDAwMDAwMDAwMDAsImRlbGV0ZSI6MjQwMDAwMDAwMDAwLCJ1cGRhdGUiOjI0MDAwMDAwMDAwMH19",
          "dependencies": [
            "google_storage_bucket.raw-data"
          ]
        },
        {
          "index_key": "raw-data/1860/state-ks.pdf",
          "schema_version": 0,
          "attributes": {
            "bucket": "org-icelus-us-healthcare-survey-raw",
            "cache_control": "",
            "content": null,
            "content_disposition": "",
            "content_encoding": "",
            "content_language": "",
            "content_type": "application/pdf",
            "crc32c": "Xs7NpQ==",
            "customer_encryption": [],
            "detect_md5hash": "06vQeCF8d1eOPkEJH6r85Q==",
            "event_based_hold": false,
            "id": "org-icelus-us-healthcare-survey-raw-raw-data/1860/state-ks.pdf",
            "kms_key_name": "",
            "md5hash": "06vQeCF8d1eOPkEJH6r85Q==",
            "media_link": "https://storage.googleapis.com/download/storage/v1/b/org-icelus-us-healthcare-survey-raw/o/raw-data%2F1860%2Fstate-ks.pdf?generation=1711808134144536\u0026alt=media",
            "metadata": {},
            "name": "raw-data/1860/state-ks.pdf",
            "output_name": "raw-data/1860/state-ks.pdf",
            "retention": [],
            "self_link": "https://www.googleapis.com/storage/v1/b/org-icelus-us-healthcare-survey-raw/o/raw-data%2F1860%2Fstate-ks.pdf",
            "source": "raw-data/1860/state-ks.pdf",
            "storage_class": "STANDARD",
            "temporary_hold": false,
            "timeouts": null
          },
          "sensitive_attributes": [],
          "private": "eyJlMmJmYjczMC1lY2FhLTExZTYtOGY4OC0zNDM2M2JjN2M0YzAiOnsiY3JlYXRlIjoyNDAwMDAwMDAwMDAsImRlbGV0ZSI6MjQwMDAwMDAwMDAwLCJ1cGRhdGUiOjI0MDAwMDAwMDAwMH19",
          "dependencies": [
            "google_storage_bucket.raw-data"
          ]
        },
        {
          "index_key": "raw-data/1860/state-ky.pdf",
          "schema_version": 0,
          "attributes": {
            "bucket": "org-icelus-us-healthcare-survey-raw",
            "cache_control": "",
            "content": null,
            "content_disposition": "",
            "content_encoding": "",
            "content_language": "",
            "content_type": "application/pdf",
            "crc32c": "U5SjsA==",
            "customer_encryption": [],
            "detect_md5hash": "YaOb/bu4nD5vanRpGg2usQ==",
            "event_based_hold": false,
            "id": "org-icelus-us-healthcare-survey-raw-raw-data/1860/state-ky.pdf",
            "kms_key_name": "",
            "md5hash": "YaOb/bu4nD5vanRpGg2usQ==",
            "media_link": "https://storage.googleapis.com/download/storage/v1/b/org-icelus-us-healthcare-survey-raw/o/raw-data%2F1860%2Fstate-ky.pdf?generation=1711808141412888\u0026alt=media",
            "metadata": {},
            "name": "raw-data/1860/state-ky.pdf",
            "output_name": "raw-data/1860/state-ky.pdf",
            "retention": [],
            "self_link": "https://www.googleapis.com/storage/v1/b/org-icelus-us-healthcare-survey-raw/o/raw-data%2F1860%2Fstate-ky.pdf",
            "source": "raw-data/1860/state-ky.pdf",
            "storage_class": "STANDARD",
            "temporary_hold": false,
            "timeouts": null
          },
          "sensitive_attributes": [],
          "private": "eyJlMmJmYjczMC1lY2FhLTExZTYtOGY4OC0zNDM2M2JjN2M0YzAiOnsiY3JlYXRlIjoyNDAwMDAwMDAwMDAsImRlbGV0ZSI6MjQwMDAwMDAwMDAwLCJ1cGRhdGUiOjI0MDAwMDAwMDAwMH19",
          "dependencies": [
            "google_storage_bucket.raw-data"
          ]
        },
        {
          "index_key": "raw-data/1860/state-la.pdf",
          "schema_version": 0,
          "attributes": {
            "bucket": "org-icelus-us-healthcare-survey-raw",
            "cache_control": "",
            "content": null,
            "content_disposition": "",
            "content_encoding": "",
            "content_language": "",
            "content_type": "application/pdf",
            "crc32c": "U/b9pw==",
            "customer_encryption": [],
            "detect_md5hash": "9Ql7zfWSdy+Hz6W1xzY8HQ==",
            "event_based_hold": false,
            "id": "org-icelus-us-healthcare-survey-raw-raw-data/1860/state-la.pdf",
            "kms_key_name": "",
            "md5hash": "9Ql7zfWSdy+Hz6W1xzY8HQ==",
            "media_link": "https://storage.googleapis.com/download/storage/v1/b/org-icelus-us-healthcare-survey-raw/o/raw-data%2F1860%2Fstate-la.pdf?generation=1711808147068922\u0026alt=media",
            "metadata": {},
            "name": "raw-data/1860/state-la.pdf",
            "output_name": "raw-data/1860/state-la.pdf",
            "retention": [],
            "self_link": "https://www.googleapis.com/storage/v1/b/org-icelus-us-healthcare-survey-raw/o/raw-data%2F1860%2Fstate-la.pdf",
            "source": "raw-data/1860/state-la.pdf",
            "storage_class": "STANDARD",
            "temporary_hold": false,
            "timeouts": null
          },
          "sensitive_attributes": [],
          "private": "eyJlMmJmYjczMC1lY2FhLTExZTYtOGY4OC0zNDM2M2JjN2M0YzAiOnsiY3JlYXRlIjoyNDAwMDAwMDAwMDAsImRlbGV0ZSI6MjQwMDAwMDAwMDAwLCJ1cGRhdGUiOjI0MDAwMDAwMDAwMH19",
          "dependencies": [
            "google_storage_bucket.raw-data"
          ]
        },
        {
          "index_key": "raw-data/1860/state-ma.pdf",
          "schema_version": 0,
          "attributes": {
            "bucket": "org-icelus-us-healthcare-survey-raw",
            "cache_control": "",
            "content": null,
            "content_disposition": "",
            "content_encoding": "",
            "content_language": "",
            "content_type": "application/pdf",
            "crc32c": "zJ3O4Q==",
            "customer_encryption": [],
            "detect_md5hash": "IrHVeQQK80+DyOKGiWQTUA==",
            "event_based_hold": false,
            "id": "org-icelus-us-healthcare-survey-raw-raw-data/1860/state-ma.pdf",
            "kms_key_name": "",
            "md5hash": "IrHVeQQK80+DyOKGiWQTUA==",
            "media_link": "https://storage.googleapis.com/download/storage/v1/b/org-icelus-us-healthcare-survey-raw/o/raw-data%2F1860%2Fstate-ma.pdf?generation=1711808136178929\u0026alt=media",
            "metadata": {},
            "name": "raw-data/1860/state-ma.pdf",
            "output_name": "raw-data/1860/state-ma.pdf",
            "retention": [],
            "self_link": "https://www.googleapis.com/storage/v1/b/org-icelus-us-healthcare-survey-raw/o/raw-data%2F1860%2Fstate-ma.pdf",
            "source": "raw-data/1860/state-ma.pdf",
            "storage_class": "STANDARD",
            "temporary_hold": false,
            "timeouts": null
          },
          "sensitive_attributes": [],
          "private": "eyJlMmJmYjczMC1lY2FhLTExZTYtOGY4OC0zNDM2M2JjN2M0YzAiOnsiY3JlYXRlIjoyNDAwMDAwMDAwMDAsImRlbGV0ZSI6MjQwMDAwMDAwMDAwLCJ1cGRhdGUiOjI0MDAwMDAwMDAwMH19",
          "dependencies": [
            "google_storage_bucket.raw-data"
          ]
        },
        {
          "index_key": "raw-data/1860/state-md.pdf",
          "schema_version": 0,
          "attributes": {
            "bucket": "org-icelus-us-healthcare-survey-raw",
            "cache_control": "",
            "content": null,
            "content_disposition": "",
            "content_encoding": "",
            "content_language": "",
            "content_type": "application/pdf",
            "crc32c": "BdaYBQ==",
            "customer_encryption": [],
            "detect_md5hash": "WoeAoP5PKoL4ViXMfR37Nw==",
            "event_based_hold": false,
            "id": "org-icelus-us-healthcare-survey-raw-raw-data/1860/state-md.pdf",
            "kms_key_name": "",
            "md5hash": "WoeAoP5PKoL4ViXMfR37Nw==",
            "media_link": "https://storage.googleapis.com/download/storage/v1/b/org-icelus-us-healthcare-survey-raw/o/raw-data%2F1860%2Fstate-md.pdf?generation=1711808138160040\u0026alt=media",
            "metadata": {},
            "name": "raw-data/1860/state-md.pdf",
            "output_name": "raw-data/1860/state-md.pdf",
            "retention": [],
            "self_link": "https://www.googleapis.com/storage/v1/b/org-icelus-us-healthcare-survey-raw/o/raw-data%2F1860%2Fstate-md.pdf",
            "source": "raw-data/1860/state-md.pdf",
            "storage_class": "STANDARD",
            "temporary_hold": false,
            "timeouts": null
          },
          "sensitive_attributes": [],
          "private": "eyJlMmJmYjczMC1lY2FhLTExZTYtOGY4OC0zNDM2M2JjN2M0YzAiOnsiY3JlYXRlIjoyNDAwMDAwMDAwMDAsImRlbGV0ZSI6MjQwMDAwMDAwMDAwLCJ1cGRhdGUiOjI0MDAwMDAwMDAwMH19",
          "dependencies": [
            "google_storage_bucket.raw-data"
          ]
        },
        {
          "index_key": "raw-data/1860/state-me.pdf",
          "schema_version": 0,
          "attributes": {
            "bucket": "org-icelus-us-healthcare-survey-raw",
            "cache_control": "",
            "content": null,
            "content_disposition": "",
            "content_encoding": "",
            "content_language": "",
            "content_type": "application/pdf",
            "crc32c": "JBkRzg==",
            "customer_encryption": [],
            "detect_md5hash": "lEEDUKHVrFndYhdwt7wofg==",
            "event_based_hold": false,
            "id": "org-icelus-us-healthcare-survey-raw-raw-data/1860/state-me.pdf",
            "kms_key_name": "",
            "md5hash": "lEEDUKHVrFndYhdwt7wofg==",
            "media_link": "https://storage.googleapis.com/download/storage/v1/b/org-icelus-us-healthcare-survey-raw/o/raw-data%2F1860%2Fstate-me.pdf?generation=1711808149409623\u0026alt=media",
            "metadata": {},
            "name": "raw-data/1860/state-me.pdf",
            "output_name": "raw-data/1860/state-me.pdf",
            "retention": [],
            "self_link": "https://www.googleapis.com/storage/v1/b/org-icelus-us-healthcare-survey-raw/o/raw-data%2F1860%2Fstate-me.pdf",
            "source": "raw-data/1860/state-me.pdf",
            "storage_class": "STANDARD",
            "temporary_hold": false,
            "timeouts": null
          },
          "sensitive_attributes": [],
          "private": "eyJlMmJmYjczMC1lY2FhLTExZTYtOGY4OC0zNDM2M2JjN2M0YzAiOnsiY3JlYXRlIjoyNDAwMDAwMDAwMDAsImRlbGV0ZSI6MjQwMDAwMDAwMDAwLCJ1cGRhdGUiOjI0MDAwMDAwMDAwMH19",
          "dependencies": [
            "google_storage_bucket.raw-data"
          ]
        },
        {
          "index_key": "raw-data/1860/state-mi.pdf",
          "schema_version": 0,
          "attributes": {
            "bucket": "org-icelus-us-healthcare-survey-raw",
            "cache_control": "",
            "content": null,
            "content_disposition": "",
            "content_encoding": "",
            "content_language": "",
            "content_type": "application/pdf",
            "crc32c": "yrUt4Q==",
            "customer_encryption": [],
            "detect_md5hash": "gwUUuaOdbqfr4LAkABI3Jg==",
            "event_based_hold": false,
            "id": "org-icelus-us-healthcare-survey-raw-raw-data/1860/state-mi.pdf",
            "kms_key_name": "",
            "md5hash": "gwUUuaOdbqfr4LAkABI3Jg==",
            "media_link": "https://storage.googleapis.com/download/storage/v1/b/org-icelus-us-healthcare-survey-raw/o/raw-data%2F1860%2Fstate-mi.pdf?generation=1711808145767948\u0026alt=media",
            "metadata": {},
            "name": "raw-data/1860/state-mi.pdf",
            "output_name": "raw-data/1860/state-mi.pdf",
            "retention": [],
            "self_link": "https://www.googleapis.com/storage/v1/b/org-icelus-us-healthcare-survey-raw/o/raw-data%2F1860%2Fstate-mi.pdf",
            "source": "raw-data/1860/state-mi.pdf",
            "storage_class": "STANDARD",
            "temporary_hold": false,
            "timeouts": null
          },
          "sensitive_attributes": [],
          "private": "eyJlMmJmYjczMC1lY2FhLTExZTYtOGY4OC0zNDM2M2JjN2M0YzAiOnsiY3JlYXRlIjoyNDAwMDAwMDAwMDAsImRlbGV0ZSI6MjQwMDAwMDAwMDAwLCJ1cGRhdGUiOjI0MDAwMDAwMDAwMH19",
          "dependencies": [
            "google_storage_bucket.raw-data"
          ]
        },
        {
          "index_key": "raw-data/1860/state-mn.pdf",
          "schema_version": 0,
          "attributes": {
            "bucket": "org-icelus-us-healthcare-survey-raw",
            "cache_control": "",
            "content": null,
            "content_disposition": "",
            "content_encoding": "",
            "content_language": "",
            "content_type": "application/pdf",
            "crc32c": "4NtXfg==",
            "customer_encryption": [],
            "detect_md5hash": "dsAV9gBhErSiM1G869Qv2w==",
            "event_based_hold": false,
            "id": "org-icelus-us-healthcare-survey-raw-raw-data/1860/state-mn.pdf",
            "kms_key_name": "",
            "md5hash": "dsAV9gBhErSiM1G869Qv2w==",
            "media_link": "https://storage.googleapis.com/download/storage/v1/b/org-icelus-us-healthcare-survey-raw/o/raw-data%2F1860%2Fstate-mn.pdf?generation=1711808139162001\u0026alt=media",
            "metadata": {},
            "name": "raw-data/1860/state-mn.pdf",
            "output_name": "raw-data/1860/state-mn.pdf",
            "retention": [],
            "self_link": "https://www.googleapis.com/storage/v1/b/org-icelus-us-healthcare-survey-raw/o/raw-data%2F1860%2Fstate-mn.pdf",
            "source": "raw-data/1860/state-mn.pdf",
            "storage_class": "STANDARD",
            "temporary_hold": false,
            "timeouts": null
          },
          "sensitive_attributes": [],
          "private": "eyJlMmJmYjczMC1lY2FhLTExZTYtOGY4OC0zNDM2M2JjN2M0YzAiOnsiY3JlYXRlIjoyNDAwMDAwMDAwMDAsImRlbGV0ZSI6MjQwMDAwMDAwMDAwLCJ1cGRhdGUiOjI0MDAwMDAwMDAwMH19",
          "dependencies": [
            "google_storage_bucket.raw-data"
          ]
        },
        {
          "index_key": "raw-data/1860/state-mo.pdf",
          "schema_version": 0,
          "attributes": {
            "bucket": "org-icelus-us-healthcare-survey-raw",
            "cache_control": "",
            "content": null,
            "content_disposition": "",
            "content_encoding": "",
            "content_language": "",
            "content_type": "application/pdf",
            "crc32c": "E4Fp0Q==",
            "customer_encryption": [],
            "detect_md5hash": "WKIbeGC086v12pZc8+BJEg==",
            "event_based_hold": false,
            "id": "org-icelus-us-healthcare-survey-raw-raw-data/1860/state-mo.pdf",
            "kms_key_name": "",
            "md5hash": "WKIbeGC086v12pZc8+BJEg==",
            "media_link": "https://storage.googleapis.com/download/storage/v1/b/org-icelus-us-healthcare-survey-raw/o/raw-data%2F1860%2Fstate-mo.pdf?generation=1711808156294228\u0026alt=media",
            "metadata": {},
            "name": "raw-data/1860/state-mo.pdf",
            "output_name": "raw-data/1860/state-mo.pdf",
            "retention": [],
            "self_link": "https://www.googleapis.com/storage/v1/b/org-icelus-us-healthcare-survey-raw/o/raw-data%2F1860%2Fstate-mo.pdf",
            "source": "raw-data/1860/state-mo.pdf",
            "storage_class": "STANDARD",
            "temporary_hold": false,
            "timeouts": null
          },
          "sensitive_attributes": [],
          "private": "eyJlMmJmYjczMC1lY2FhLTExZTYtOGY4OC0zNDM2M2JjN2M0YzAiOnsiY3JlYXRlIjoyNDAwMDAwMDAwMDAsImRlbGV0ZSI6MjQwMDAwMDAwMDAwLCJ1cGRhdGUiOjI0MDAwMDAwMDAwMH19",
          "dependencies": [
            "google_storage_bucket.raw-data"
          ]
        },
        {
          "index_key": "raw-data/1860/state-ms.pdf",
          "schema_version": 0,
          "attributes": {
            "bucket": "org-icelus-us-healthcare-survey-raw",
            "cache_control": "",
            "content": null,
            "content_disposition": "",
            "content_encoding": "",
            "content_language": "",
            "content_type": "application/pdf",
            "crc32c": "FnlX4w==",
            "customer_encryption": [],
            "detect_md5hash": "8AVcb1HCUQ4g1zkET2QYVA==",
            "event_based_hold": false,
            "id": "org-icelus-us-healthcare-survey-raw-raw-data/1860/state-ms.pdf",
            "kms_key_name": "",
            "md5hash": "8AVcb1HCUQ4g1zkET2QYVA==",
            "media_link": "https://storage.googleapis.com/download/storage/v1/b/org-icelus-us-healthcare-survey-raw/o/raw-data%2F1860%2Fstate-ms.pdf?generation=1711808132602310\u0026alt=media",
            "metadata": {},
            "name": "raw-data/1860/state-ms.pdf",
            "output_name": "raw-data/1860/state-ms.pdf",
            "retention": [],
            "self_link": "https://www.googleapis.com/storage/v1/b/org-icelus-us-healthcare-survey-raw/o/raw-data%2F1860%2Fstate-ms.pdf",
            "source": "raw-data/1860/state-ms.pdf",
            "storage_class": "STANDARD",
            "temporary_hold": false,
            "timeouts": null
          },
          "sensitive_attributes": [],
          "private": "eyJlMmJmYjczMC1lY2FhLTExZTYtOGY4OC0zNDM2M2JjN2M0YzAiOnsiY3JlYXRlIjoyNDAwMDAwMDAwMDAsImRlbGV0ZSI6MjQwMDAwMDAwMDAwLCJ1cGRhdGUiOjI0MDAwMDAwMDAwMH19",
          "dependencies": [
            "google_storage_bucket.raw-data"
          ]
        },
        {
          "index_key": "raw-data/1860/state-nc.pdf",
          "schema_version": 0,
          "attributes": {
            "bucket": "org-icelus-us-healthcare-survey-raw",
            "cache_control": "",
            "content": null,
            "content_disposition": "",
            "content_encoding": "",
            "content_language": "",
            "content_type": "application/pdf",
            "crc32c": "o54B5g==",
            "customer_encryption": [],
            "detect_md5hash": "dHARQmunDo2jOdZhRqWLzQ==",
            "event_based_hold": false,
            "id": "org-icelus-us-healthcare-survey-raw-raw-data/1860/state-nc.pdf",
            "kms_key_name": "",
            "md5hash": "dHARQmunDo2jOdZhRqWLzQ==",
            "media_link": "https://storage.googleapis.com/download/storage/v1/b/org-icelus-us-healthcare-survey-raw/o/raw-data%2F1860%2Fstate-nc.pdf?generation=1711808146155554\u0026alt=media",
            "metadata": {},
            "name": "raw-data/1860/state-nc.pdf",
            "output_name": "raw-data/1860/state-nc.pdf",
            "retention": [],
            "self_link": "https://www.googleapis.com/storage/v1/b/org-icelus-us-healthcare-survey-raw/o/raw-data%2F1860%2Fstate-nc.pdf",
            "source": "raw-data/1860/state-nc.pdf",
            "storage_class": "STANDARD",
            "temporary_hold": false,
            "timeouts": null
          },
          "sensitive_attributes": [],
          "private": "eyJlMmJmYjczMC1lY2FhLTExZTYtOGY4OC0zNDM2M2JjN2M0YzAiOnsiY3JlYXRlIjoyNDAwMDAwMDAwMDAsImRlbGV0ZSI6MjQwMDAwMDAwMDAwLCJ1cGRhdGUiOjI0MDAwMDAwMDAwMH19",
          "dependencies": [
            "google_storage_bucket.raw-data"
          ]
        },
        {
          "index_key": "raw-data/1860/state-nh.pdf",
          "schema_version": 0,
          "attributes": {
            "bucket": "org-icelus-us-healthcare-survey-raw",
            "cache_control": "",
            "content": null,
            "content_disposition": "",
            "content_encoding": "",
            "content_language": "",
            "content_type": "application/pdf",
            "crc32c": "ERLbWQ==",
            "customer_encryption": [],
            "detect_md5hash": "lhccQg3exd5QLTGokpdd8A==",
            "event_based_hold": false,
            "id": "org-icelus-us-healthcare-survey-raw-raw-data/1860/state-nh.pdf",
            "kms_key_name": "",
            "md5hash": "lhccQg3exd5QLTGokpdd8A==",
            "media_link": "https://storage.googleapis.com/download/storage/v1/b/org-icelus-us-healthcare-survey-raw/o/raw-data%2F1860%2Fstate-nh.pdf?generation=1711808139526284\u0026alt=media",
            "metadata": {},
            "name": "raw-data/1860/state-nh.pdf",
            "output_name": "raw-data/1860/state-nh.pdf",
            "retention": [],
            "self_link": "https://www.googleapis.com/storage/v1/b/org-icelus-us-healthcare-survey-raw/o/raw-data%2F1860%2Fstate-nh.pdf",
            "source": "raw-data/1860/state-nh.pdf",
            "storage_class": "STANDARD",
            "temporary_hold": false,
            "timeouts": null
          },
          "sensitive_attributes": [],
          "private": "eyJlMmJmYjczMC1lY2FhLTExZTYtOGY4OC0zNDM2M2JjN2M0YzAiOnsiY3JlYXRlIjoyNDAwMDAwMDAwMDAsImRlbGV0ZSI6MjQwMDAwMDAwMDAwLCJ1cGRhdGUiOjI0MDAwMDAwMDAwMH19",
          "dependencies": [
            "google_storage_bucket.raw-data"
          ]
        },
        {
          "index_key": "raw-data/1860/state-nj.pdf",
          "schema_version": 0,
          "attributes": {
            "bucket": "org-icelus-us-healthcare-survey-raw",
            "cache_control": "",
            "content": null,
            "content_disposition": "",
            "content_encoding": "",
            "content_language": "",
            "content_type": "application/pdf",
            "crc32c": "yJ9sIQ==",
            "customer_encryption": [],
            "detect_md5hash": "xABRI9TTEFySbIIYPWC8bQ==",
            "event_based_hold": false,
            "id": "org-icelus-us-healthcare-survey-raw-raw-data/1860/state-nj.pdf",
            "kms_key_name": "",
            "md5hash": "xABRI9TTEFySbIIYPWC8bQ==",
            "media_link": "https://storage.googleapis.com/download/storage/v1/b/org-icelus-us-healthcare-survey-raw/o/raw-data%2F1860%2Fstate-nj.pdf?generation=1711808131968341\u0026alt=media",
            "metadata": {},
            "name": "raw-data/1860/state-nj.pdf",
            "output_name": "raw-data/1860/state-nj.pdf",
            "retention": [],
            "self_link": "https://www.googleapis.com/storage/v1/b/org-icelus-us-healthcare-survey-raw/o/raw-data%2F1860%2Fstate-nj.pdf",
            "source": "raw-data/1860/state-nj.pdf",
            "storage_class": "STANDARD",
            "temporary_hold": false,
            "timeouts": null
          },
          "sensitive_attributes": [],
          "private": "eyJlMmJmYjczMC1lY2FhLTExZTYtOGY4OC0zNDM2M2JjN2M0YzAiOnsiY3JlYXRlIjoyNDAwMDAwMDAwMDAsImRlbGV0ZSI6MjQwMDAwMDAwMDAwLCJ1cGRhdGUiOjI0MDAwMDAwMDAwMH19",
          "dependencies": [
            "google_storage_bucket.raw-data"
          ]
        },
        {
          "index_key": "raw-data/1860/state-ny.pdf",
          "schema_version": 0,
          "attributes": {
            "bucket": "org-icelus-us-healthcare-survey-raw",
            "cache_control": "",
            "content": null,
            "content_disposition": "",
            "content_encoding": "",
            "content_language": "",
            "content_type": "application/pdf",
            "crc32c": "j1oUxw==",
            "customer_encryption": [],
            "detect_md5hash": "Zpahkb7c94pu/hEXY515og==",
            "event_based_hold": false,
            "id": "org-icelus-us-healthcare-survey-raw-raw-data/1860/state-ny.pdf",
            "kms_key_name": "",
            "md5hash": "Zpahkb7c94pu/hEXY515og==",
            "media_link": "https://storage.googleapis.com/download/storage/v1/b/org-icelus-us-healthcare-survey-raw/o/raw-data%2F1860%2Fstate-ny.pdf?generation=1711808154383498\u0026alt=media",
            "metadata": {},
            "name": "raw-data/1860/state-ny.pdf",
            "output_name": "raw-data/1860/state-ny.pdf",
            "retention": [],
            "self_link": "https://www.googleapis.com/storage/v1/b/org-icelus-us-healthcare-survey-raw/o/raw-data%2F1860%2Fstate-ny.pdf",
            "source": "raw-data/1860/state-ny.pdf",
            "storage_class": "STANDARD",
            "temporary_hold": false,
            "timeouts": null
          },
          "sensitive_attributes": [],
          "private": "eyJlMmJmYjczMC1lY2FhLTExZTYtOGY4OC0zNDM2M2JjN2M0YzAiOnsiY3JlYXRlIjoyNDAwMDAwMDAwMDAsImRlbGV0ZSI6MjQwMDAwMDAwMDAwLCJ1cGRhdGUiOjI0MDAwMDAwMDAwMH19",
          "dependencies": [
            "google_storage_bucket.raw-data"
          ]
        },
        {
          "index_key": "raw-data/1860/state-oh.pdf",
          "schema_version": 0,
          "attributes": {
            "bucket": "org-icelus-us-healthcare-survey-raw",
            "cache_control": "",
            "content": null,
            "content_disposition": "",
            "content_encoding": "",
            "content_language": "",
            "content_type": "application/pdf",
            "crc32c": "N9JhVw==",
            "customer_encryption": [],
            "detect_md5hash": "2L1xicYrYSra8ymlkrUphQ==",
            "event_based_hold": false,
            "id": "org-icelus-us-healthcare-survey-raw-raw-data/1860/state-oh.pdf",
            "kms_key_name": "",
            "md5hash": "2L1xicYrYSra8ymlkrUphQ==",
            "media_link": "https://storage.googleapis.com/download/storage/v1/b/org-icelus-us-healthcare-survey-raw/o/raw-data%2F1860%2Fstate-oh.pdf?generation=1711808154710684\u0026alt=media",
            "metadata": {},
            "name": "raw-data/1860/state-oh.pdf",
            "output_name": "raw-data/1860/state-oh.pdf",
            "retention": [],
            "self_link": "https://www.googleapis.com/storage/v1/b/org-icelus-us-healthcare-survey-raw/o/raw-data%2F1860%2Fstate-oh.pdf",
            "source": "raw-data/1860/state-oh.pdf",
            "storage_class": "STANDARD",
            "temporary_hold": false,
            "timeouts": null
          },
          "sensitive_attributes": [],
          "private": "eyJlMmJmYjczMC1lY2FhLTExZTYtOGY4OC0zNDM2M2JjN2M0YzAiOnsiY3JlYXRlIjoyNDAwMDAwMDAwMDAsImRlbGV0ZSI6MjQwMDAwMDAwMDAwLCJ1cGRhdGUiOjI0MDAwMDAwMDAwMH19",
          "dependencies": [
            "google_storage_bucket.raw-data"
          ]
        },
        {
          "index_key": "raw-data/1860/state-or.pdf",
          "schema_version": 0,
          "attributes": {
            "bucket": "org-icelus-us-healthcare-survey-raw",
            "cache_control": "",
            "content": null,
            "content_disposition": "",
            "content_encoding": "",
            "content_language": "",
            "content_type": "application/pdf",
            "crc32c": "B+VS5Q==",
            "customer_encryption": [],
            "detect_md5hash": "QcP6sCbspmrSejd4no8d+g==",
            "event_based_hold": false,
            "id": "org-icelus-us-healthcare-survey-raw-raw-data/1860/state-or.pdf",
            "kms_key_name": "",
            "md5hash": "QcP6sCbspmrSejd4no8d+g==",
            "media_link": "https://storage.googleapis.com/download/storage/v1/b/org-icelus-us-healthcare-survey-raw/o/raw-data%2F1860%2Fstate-or.pdf?generation=1711808131891719\u0026alt=media",
            "metadata": {},
            "name": "raw-data/1860/state-or.pdf",
            "output_name": "raw-data/1860/state-or.pdf",
            "retention": [],
            "self_link": "https://www.googleapis.com/storage/v1/b/org-icelus-us-healthcare-survey-raw/o/raw-data%2F1860%2Fstate-or.pdf",
            "source": "raw-data/1860/state-or.pdf",
            "storage_class": "STANDARD",
            "temporary_hold": false,
            "timeouts": null
          },
          "sensitive_attributes": [],
          "private": "eyJlMmJmYjczMC1lY2FhLTExZTYtOGY4OC0zNDM2M2JjN2M0YzAiOnsiY3JlYXRlIjoyNDAwMDAwMDAwMDAsImRlbGV0ZSI6MjQwMDAwMDAwMDAwLCJ1cGRhdGUiOjI0MDAwMDAwMDAwMH19",
          "dependencies": [
            "google_storage_bucket.raw-data"
          ]
        },
        {
          "index_key": "raw-data/1860/state-pa.pdf",
          "schema_version": 0,
          "attributes": {
            "bucket": "org-icelus-us-healthcare-survey-raw",
            "cache_control": "",
            "content": null,
            "content_disposition": "",
            "content_encoding": "",
            "content_language": "",
            "content_type": "application/pdf",
            "crc32c": "2z2oQQ==",
            "customer_encryption": [],
            "detect_md5hash": "sXZTo8gATlrE/eNvHJIJPQ==",
            "event_based_hold": false,
            "id": "org-icelus-us-healthcare-survey-raw-raw-data/1860/state-pa.pdf",
            "kms_key_name": "",
            "md5hash": "sXZTo8gATlrE/eNvHJIJPQ==",
            "media_link": "https://storage.googleapis.com/download/storage/v1/b/org-icelus-us-healthcare-survey-raw/o/raw-data%2F1860%2Fstate-pa.pdf?generation=1711808145113443\u0026alt=media",
            "metadata": {},
            "name": "raw-data/1860/state-pa.pdf",
            "output_name": "raw-data/1860/state-pa.pdf",
            "retention": [],
            "self_link": "https://www.googleapis.com/storage/v1/b/org-icelus-us-healthcare-survey-raw/o/raw-data%2F1860%2Fstate-pa.pdf",
            "source": "raw-data/1860/state-pa.pdf",
            "storage_class": "STANDARD",
            "temporary_hold": false,
            "timeouts": null
          },
          "sensitive_attributes": [],
          "private": "eyJlMmJmYjczMC1lY2FhLTExZTYtOGY4OC0zNDM2M2JjN2M0YzAiOnsiY3JlYXRlIjoyNDAwMDAwMDAwMDAsImRlbGV0ZSI6MjQwMDAwMDAwMDAwLCJ1cGRhdGUiOjI0MDAwMDAwMDAwMH19",
          "dependencies": [
            "google_storage_bucket.raw-data"
          ]
        },
        {
          "index_key": "raw-data/1860/state-ri.pdf",
          "schema_version": 0,
          "attributes": {
            "bucket": "org-icelus-us-healthcare-survey-raw",
            "cache_control": "",
            "content": null,
            "content_disposition": "",
            "content_encoding": "",
            "content_language": "",
            "content_type": "application/pdf",
            "crc32c": "LUJ5fQ==",
            "customer_encryption": [],
            "detect_md5hash": "f1Qgu1+FvtSv5TOepOIw0Q==",
            "event_based_hold": false,
            "id": "org-icelus-us-healthcare-survey-raw-raw-data/1860/state-ri.pdf",
            "kms_key_name": "",
            "md5hash": "f1Qgu1+FvtSv5TOepOIw0Q==",
            "media_link": "https://storage.googleapis.com/download/storage/v1/b/org-icelus-us-healthcare-survey-raw/o/raw-data%2F1860%2Fstate-ri.pdf?generation=1711808141283751\u0026alt=media",
            "metadata": {},
            "name": "raw-data/1860/state-ri.pdf",
            "output_name": "raw-data/1860/state-ri.pdf",
            "retention": [],
            "self_link": "https://www.googleapis.com/storage/v1/b/org-icelus-us-healthcare-survey-raw/o/raw-data%2F1860%2Fstate-ri.pdf",
            "source": "raw-data/1860/state-ri.pdf",
            "storage_class": "STANDARD",
            "temporary_hold": false,
            "timeouts": null
          },
          "sensitive_attributes": [],
          "private": "eyJlMmJmYjczMC1lY2FhLTExZTYtOGY4OC0zNDM2M2JjN2M0YzAiOnsiY3JlYXRlIjoyNDAwMDAwMDAwMDAsImRlbGV0ZSI6MjQwMDAwMDAwMDAwLCJ1cGRhdGUiOjI0MDAwMDAwMDAwMH19",
          "dependencies": [
            "google_storage_bucket.raw-data"
          ]
        },
        {
          "index_key": "raw-data/1860/state-sc.pdf",
          "schema_version": 0,
          "attributes": {
            "bucket": "org-icelus-us-healthcare-survey-raw",
            "cache_control": "",
            "content": null,
            "content_disposition": "",
            "content_encoding": "",
            "content_language": "",
            "content_type": "application/pdf",
            "crc32c": "4PuiFA==",
            "customer_encryption": [],
            "detect_md5hash": "Oznmb94Xy/3nnuaRGcrSgg==",
            "event_based_hold": false,
            "id": "org-icelus-us-healthcare-survey-raw-raw-data/1860/state-sc.pdf",
            "kms_key_name": "",
            "md5hash": "Oznmb94Xy/3nnuaRGcrSgg==",
            "media_link": "https://storage.googleapis.com/download/storage/v1/b/org-icelus-us-healthcare-survey-raw/o/raw-data%2F1860%2Fstate-sc.pdf?generation=1711808150429595\u0026alt=media",
            "metadata": {},
            "name": "raw-data/1860/state-sc.pdf",
            "output_name": "raw-data/1860/state-sc.pdf",
            "retention": [],
            "self_link": "https://www.googleapis.com/storage/v1/b/org-icelus-us-healthcare-survey-raw/o/raw-data%2F1860%2Fstate-sc.pdf",
            "source": "raw-data/1860/state-sc.pdf",
            "storage_class": "STANDARD",
            "temporary_hold": false,
            "timeouts": null
          },
          "sensitive_attributes": [],
          "private": "eyJlMmJmYjczMC1lY2FhLTExZTYtOGY4OC0zNDM2M2JjN2M0YzAiOnsiY3JlYXRlIjoyNDAwMDAwMDAwMDAsImRlbGV0ZSI6MjQwMDAwMDAwMDAwLCJ1cGRhdGUiOjI0MDAwMDAwMDAwMH19",
          "dependencies": [
            "google_storage_bucket.raw-data"
          ]
        },
        {
          "index_key": "raw-data/1860/state-tn.pdf",
          "schema_version": 0,
          "attributes": {
            "bucket": "org-icelus-us-healthcare-survey-raw",
            "cache_control": "",
            "content": null,
            "content_disposition": "",
            "content_encoding": "",
            "content_language": "",
            "content_type": "application/pdf",
            "crc32c": "gaJpkA==",
            "customer_encryption": [],
            "detect_md5hash": "CCzGd7f22TA0mLiMj6JIYQ==",
            "event_based_hold": false,
            "id": "org-icelus-us-healthcare-survey-raw-raw-data/1860/state-tn.pdf",
            "kms_key_name": "",
            "md5hash": "CCzGd7f22TA0mLiMj6JIYQ==",
            "media_link": "https://storage.googleapis.com/download/storage/v1/b/org-icelus-us-healthcare-survey-raw/o/raw-data%2F1860%2Fstate-tn.pdf?generation=1711808134473540\u0026alt=media",
            "metadata": {},
            "name": "raw-data/1860/state-tn.pdf",
            "output_name": "raw-data/1860/state-tn.pdf",
            "retention": [],
            "self_link": "https://www.googleapis.com/storage/v1/b/org-icelus-us-healthcare-survey-raw/o/raw-data%2F1860%2Fstate-tn.pdf",
            "source": "raw-data/1860/state-tn.pdf",
            "storage_class": "STANDARD",
            "temporary_hold": false,
            "timeouts": null
          },
          "sensitive_attributes": [],
          "private": "eyJlMmJmYjczMC1lY2FhLTExZTYtOGY4OC0zNDM2M2JjN2M0YzAiOnsiY3JlYXRlIjoyNDAwMDAwMDAwMDAsImRlbGV0ZSI6MjQwMDAwMDAwMDAwLCJ1cGRhdGUiOjI0MDAwMDAwMDAwMH19",
          "dependencies": [
            "google_storage_bucket.raw-data"
          ]
        },
        {
          "index_key": "raw-data/1860/state-tx.pdf",
          "schema_version": 0,
          "attributes": {
            "bucket": "org-icelus-us-healthcare-survey-raw",
            "cache_control": "",
            "content": null,
            "content_disposition": "",
            "content_encoding": "",
            "content_language": "",
            "content_type": "application/pdf",
            "crc32c": "3RGDTA==",
            "customer_encryption": [],
            "detect_md5hash": "h7PmqD85yPwDB4Zn9BZxrw==",
            "event_based_hold": false,
            "id": "org-icelus-us-healthcare-survey-raw-raw-data/1860/state-tx.pdf",
            "kms_key_name": "",
            "md5hash": "h7PmqD85yPwDB4Zn9BZxrw==",
            "media_link": "https://storage.googleapis.com/download/storage/v1/b/org-icelus-us-healthcare-survey-raw/o/raw-data%2F1860%2Fstate-tx.pdf?generation=1711808149174279\u0026alt=media",
            "metadata": {},
            "name": "raw-data/1860/state-tx.pdf",
            "output_name": "raw-data/1860/state-tx.pdf",
            "retention": [],
            "self_link": "https://www.googleapis.com/storage/v1/b/org-icelus-us-healthcare-survey-raw/o/raw-data%2F1860%2Fstate-tx.pdf",
            "source": "raw-data/1860/state-tx.pdf",
            "storage_class": "STANDARD",
            "temporary_hold": false,
            "timeouts": null
          },
          "sensitive_attributes": [],
          "private": "eyJlMmJmYjczMC1lY2FhLTExZTYtOGY4OC0zNDM2M2JjN2M0YzAiOnsiY3JlYXRlIjoyNDAwMDAwMDAwMDAsImRlbGV0ZSI6MjQwMDAwMDAwMDAwLCJ1cGRhdGUiOjI0MDAwMDAwMDAwMH19",
          "dependencies": [
            "google_storage_bucket.raw-data"
          ]
        },
        {
          "index_key": "raw-data/1860/state-va.pdf",
          "schema_version": 0,
          "attributes": {
            "bucket": "org-icelus-us-healthcare-survey-raw",
            "cache_control": "",
            "content": null,
            "content_disposition": "",
            "content_encoding": "",
            "content_language": "",
            "content_type": "application/pdf",
            "crc32c": "dc5bYw==",
            "customer_encryption": [],
            "detect_md5hash": "SIeKrG7rcoLip5OtA12aTQ==",
            "event_based_hold": false,
            "id": "org-icelus-us-healthcare-survey-raw-raw-data/1860/state-va.pdf",
            "kms_key_name": "",
            "md5hash": "SIeKrG7rcoLip5OtA12aTQ==",
            "media_link": "https://storage.googleapis.com/download/storage/v1/b/org-icelus-us-healthcare-survey-raw/o/raw-data%2F1860%2Fstate-va.pdf?generation=1711808140685886\u0026alt=media",
            "metadata": {},
            "name": "raw-data/1860/state-va.pdf",
            "output_name": "raw-data/1860/state-va.pdf",
            "retention": [],
            "self_link": "https://www.googleapis.com/storage/v1/b/org-icelus-us-healthcare-survey-raw/o/raw-data%2F1860%2Fstate-va.pdf",
            "source": "raw-data/1860/state-va.pdf",
            "storage_class": "STANDARD",
            "temporary_hold": false,
            "timeouts": null
          },
          "sensitive_attributes": [],
          "private": "eyJlMmJmYjczMC1lY2FhLTExZTYtOGY4OC0zNDM2M2JjN2M0YzAiOnsiY3JlYXRlIjoyNDAwMDAwMDAwMDAsImRlbGV0ZSI6MjQwMDAwMDAwMDAwLCJ1cGRhdGUiOjI0MDAwMDAwMDAwMH19",
          "dependencies": [
            "google_storage_bucket.raw-data"
          ]
        },
        {
          "index_key": "raw-data/1860/state-vt.pdf",
          "schema_version": 0,
          "attributes": {
            "bucket": "org-icelus-us-healthcare-survey-raw",
            "cache_control": "",
            "content": null,
            "content_disposition": "",
            "content_encoding": "",
            "content_language": "",
            "content_type": "application/pdf",
            "crc32c": "ElGl8g==",
            "customer_encryption": [],
            "detect_md5hash": "LZ6nFvwvdUaCmZpeFBtXSQ==",
            "event_based_hold": false,
            "id": "org-icelus-us-healthcare-survey-raw-raw-data/1860/state-vt.pdf",
            "kms_key_name": "",
            "md5hash": "LZ6nFvwvdUaCmZpeFBtXSQ==",
            "media_link": "https://storage.googleapis.com/download/storage/v1/b/org-icelus-us-healthcare-survey-raw/o/raw-data%2F1860%2Fstate-vt.pdf?generation=1711808141343954\u0026alt=media",
            "metadata": {},
            "name": "raw-data/1860/state-vt.pdf",
            "output_name": "raw-data/1860/state-vt.pdf",
            "retention": [],
            "self_link": "https://www.googleapis.com/storage/v1/b/org-icelus-us-healthcare-survey-raw/o/raw-data%2F1860%2Fstate-vt.pdf",
            "source": "raw-data/1860/state-vt.pdf",
            "storage_class": "STANDARD",
            "temporary_hold": false,
            "timeouts": null
          },
          "sensitive_attributes": [],
          "private": "eyJlMmJmYjczMC1lY2FhLTExZTYtOGY4OC0zNDM2M2JjN2M0YzAiOnsiY3JlYXRlIjoyNDAwMDAwMDAwMDAsImRlbGV0ZSI6MjQwMDAwMDAwMDAwLCJ1cGRhdGUiOjI0MDAwMDAwMDAwMH19",
          "dependencies": [
            "google_storage_bucket.raw-data"
          ]
        },
        {
          "index_key": "raw-data/1860/state-wi.pdf",
          "schema_version": 0,
          "attributes": {
            "bucket": "org-icelus-us-healthcare-survey-raw",
            "cache_control": "",
            "content": null,
            "content_disposition": "",
            "content_encoding": "",
            "content_language": "",
            "content_type": "application/pdf",
            "crc32c": "2UsADw==",
            "customer_encryption": [],
            "detect_md5hash": "9mW2cuFoqMFgYonwvJw+GQ==",
            "event_based_hold": false,
            "id": "org-icelus-us-healthcare-survey-raw-raw-data/1860/state-wi.pdf",
            "kms_key_name": "",
            "md5hash": "9mW2cuFoqMFgYonwvJw+GQ==",
            "media_link": "https://storage.googleapis.com/download/storage/v1/b/org-icelus-us-healthcare-survey-raw/o/raw-data%2F1860%2Fstate-wi.pdf?generation=1711808145547171\u0026alt=media",
            "metadata": {},
            "name": "raw-data/1860/state-wi.pdf",
            "output_name": "raw-data/1860/state-wi.pdf",
            "retention": [],
            "self_link": "https://www.googleapis.com/storage/v1/b/org-icelus-us-healthcare-survey-raw/o/raw-data%2F1860%2Fstate-wi.pdf",
            "source": "raw-data/1860/state-wi.pdf",
            "storage_class": "STANDARD",
            "temporary_hold": false,
            "timeouts": null
          },
          "sensitive_attributes": [],
          "private": "eyJlMmJmYjczMC1lY2FhLTExZTYtOGY4OC0zNDM2M2JjN2M0YzAiOnsiY3JlYXRlIjoyNDAwMDAwMDAwMDAsImRlbGV0ZSI6MjQwMDAwMDAwMDAwLCJ1cGRhdGUiOjI0MDAwMDAwMDAwMH19",
          "dependencies": [
            "google_storage_bucket.raw-data"
          ]
        },
        {
          "index_key": "raw-data/1860/territory-colorado.pdf",
          "schema_version": 0,
          "attributes": {
            "bucket": "org-icelus-us-healthcare-survey-raw",
            "cache_control": "",
            "content": null,
            "content_disposition": "",
            "content_encoding": "",
            "content_language": "",
            "content_type": "application/pdf",
            "crc32c": "hUYDXg==",
            "customer_encryption": [],
            "detect_md5hash": "3jxDqYgPPDZHCmvVt2ye7Q==",
            "event_based_hold": false,
            "id": "org-icelus-us-healthcare-survey-raw-raw-data/1860/territory-colorado.pdf",
            "kms_key_name": "",
            "md5hash": "3jxDqYgPPDZHCmvVt2ye7Q==",
            "media_link": "https://storage.googleapis.com/download/storage/v1/b/org-icelus-us-healthcare-survey-raw/o/raw-data%2F1860%2Fterritory-colorado.pdf?generation=1711808135848224\u0026alt=media",
            "metadata": {},
            "name": "raw-data/1860/territory-colorado.pdf",
            "output_name": "raw-data/1860/territory-colorado.pdf",
            "retention": [],
            "self_link": "https://www.googleapis.com/storage/v1/b/org-icelus-us-healthcare-survey-raw/o/raw-data%2F1860%2Fterritory-colorado.pdf",
            "source": "raw-data/1860/territory-colorado.pdf",
            "storage_class": "STANDARD",
            "temporary_hold": false,
            "timeouts": null
          },
          "sensitive_attributes": [],
          "private": "eyJlMmJmYjczMC1lY2FhLTExZTYtOGY4OC0zNDM2M2JjN2M0YzAiOnsiY3JlYXRlIjoyNDAwMDAwMDAwMDAsImRlbGV0ZSI6MjQwMDAwMDAwMDAwLCJ1cGRhdGUiOjI0MDAwMDAwMDAwMH19",
          "dependencies": [
            "google_storage_bucket.raw-data"
          ]
        },
        {
          "index_key": "raw-data/1860/territory-dakota.pdf",
          "schema_version": 0,
          "attributes": {
            "bucket": "org-icelus-us-healthcare-survey-raw",
            "cache_control": "",
            "content": null,
            "content_disposition": "",
            "content_encoding": "",
            "content_language": "",
            "content_type": "application/pdf",
            "crc32c": "78yZsQ==",
            "customer_encryption": [],
            "detect_md5hash": "GlCsLRMq71Od+odBfxeB+w==",
            "event_based_hold": false,
            "id": "org-icelus-us-healthcare-survey-raw-raw-data/1860/territory-dakota.pdf",
            "kms_key_name": "",
            "md5hash": "GlCsLRMq71Od+odBfxeB+w==",
            "media_link": "https://storage.googleapis.com/download/storage/v1/b/org-icelus-us-healthcare-survey-raw/o/raw-data%2F1860%2Fterritory-dakota.pdf?generation=1711808147681013\u0026alt=media",
            "metadata": {},
            "name": "raw-data/1860/territory-dakota.pdf",
            "output_name": "raw-data/1860/territory-dakota.pdf",
            "retention": [],
            "self_link": "https://www.googleapis.com/storage/v1/b/org-icelus-us-healthcare-survey-raw/o/raw-data%2F1860%2Fterritory-dakota.pdf",
            "source": "raw-data/1860/territory-dakota.pdf",
            "storage_class": "STANDARD",
            "temporary_hold": false,
            "timeouts": null
          },
          "sensitive_attributes": [],
          "private": "eyJlMmJmYjczMC1lY2FhLTExZTYtOGY4OC0zNDM2M2JjN2M0YzAiOnsiY3JlYXRlIjoyNDAwMDAwMDAwMDAsImRlbGV0ZSI6MjQwMDAwMDAwMDAwLCJ1cGRhdGUiOjI0MDAwMDAwMDAwMH19",
          "dependencies": [
            "google_storage_bucket.raw-data"
          ]
        },
        {
          "index_key": "raw-data/1860/territory-dc.pdf",
          "schema_version": 0,
          "attributes": {
            "bucket": "org-icelus-us-healthcare-survey-raw",
            "cache_control": "",
            "content": null,
            "content_disposition": "",
            "content_encoding": "",
            "content_language": "",
            "content_type": "application/pdf",
            "crc32c": "AQMSMA==",
            "customer_encryption": [],
            "detect_md5hash": "+k90wq8YTXG1nEfO2Bko+w==",
            "event_based_hold": false,
            "id": "org-icelus-us-healthcare-survey-raw-raw-data/1860/territory-dc.pdf",
            "kms_key_name": "",
            "md5hash": "+k90wq8YTXG1nEfO2Bko+w==",
            "media_link": "https://storage.googleapis.com/download/storage/v1/b/org-icelus-us-healthcare-survey-raw/o/raw-data%2F1860%2Fterritory-dc.pdf?generation=1711808129551415\u0026alt=media",
            "metadata": {},
            "name": "raw-data/1860/territory-dc.pdf",
            "output_name": "raw-data/1860/territory-dc.pdf",
            "retention": [],
            "self_link": "https://www.googleapis.com/storage/v1/b/org-icelus-us-healthcare-survey-raw/o/raw-data%2F1860%2Fterritory-dc.pdf",
            "source": "raw-data/1860/territory-dc.pdf",
            "storage_class": "STANDARD",
            "temporary_hold": false,
            "timeouts": null
          },
          "sensitive_attributes": [],
          "private": "eyJlMmJmYjczMC1lY2FhLTExZTYtOGY4OC0zNDM2M2JjN2M0YzAiOnsiY3JlYXRlIjoyNDAwMDAwMDAwMDAsImRlbGV0ZSI6MjQwMDAwMDAwMDAwLCJ1cGRhdGUiOjI0MDAwMDAwMDAwMH19",
          "dependencies": [
            "google_storage_bucket.raw-data"
          ]
        },
        {
          "index_key": "raw-data/1860/territory-nebraska.pdf",
          "schema_version": 0,
          "attributes": {
            "bucket": "org-icelus-us-healthcare-survey-raw",
            "cache_control": "",
            "content": null,
            "content_disposition": "",
            "content_encoding": "",
            "content_language": "",
            "content_type": "application/pdf",
            "crc32c": "9N9i9g==",
            "customer_encryption": [],
            "detect_md5hash": "Kz0C4RsVkWEvkWC2i4WTuA==",
            "event_based_hold": false,
            "id": "org-icelus-us-healthcare-survey-raw-raw-data/1860/territory-nebraska.pdf",
            "kms_key_name": "",
            "md5hash": "Kz0C4RsVkWEvkWC2i4WTuA==",
            "media_link": "https://storage.googleapis.com/download/storage/v1/b/org-icelus-us-healthcare-survey-raw/o/raw-data%2F1860%2Fterritory-nebraska.pdf?generation=1711808137355494\u0026alt=media",
            "metadata": {},
            "name": "raw-data/1860/territory-nebraska.pdf",
            "output_name": "raw-data/1860/territory-nebraska.pdf",
            "retention": [],
            "self_link": "https://www.googleapis.com/storage/v1/b/org-icelus-us-healthcare-survey-raw/o/raw-data%2F1860%2Fterritory-nebraska.pdf",
            "source": "raw-data/1860/territory-nebraska.pdf",
            "storage_class": "STANDARD",
            "temporary_hold": false,
            "timeouts": null
          },
          "sensitive_attributes": [],
          "private": "eyJlMmJmYjczMC1lY2FhLTExZTYtOGY4OC0zNDM2M2JjN2M0YzAiOnsiY3JlYXRlIjoyNDAwMDAwMDAwMDAsImRlbGV0ZSI6MjQwMDAwMDAwMDAwLCJ1cGRhdGUiOjI0MDAwMDAwMDAwMH19",
          "dependencies": [
            "google_storage_bucket.raw-data"
          ]
        },
        {
          "index_key": "raw-data/1860/territory-nevada.pdf",
          "schema_version": 0,
          "attributes": {
            "bucket": "org-icelus-us-healthcare-survey-raw",
            "cache_control": "",
            "content": null,
            "content_disposition": "",
            "content_encoding": "",
            "content_language": "",
            "content_type": "application/pdf",
            "crc32c": "kfdVxQ==",
            "customer_encryption": [],
            "detect_md5hash": "RxpJo7A6iHBRUZKpPJSRJA==",
            "event_based_hold": false,
            "id": "org-icelus-us-healthcare-survey-raw-raw-data/1860/territory-nevada.pdf",
            "kms_key_name": "",
            "md5hash": "RxpJo7A6iHBRUZKpPJSRJA==",
            "media_link": "https://storage.googleapis.com/download/storage/v1/b/org-icelus-us-healthcare-survey-raw/o/raw-data%2F1860%2Fterritory-nevada.pdf?generation=1711808131300867\u0026alt=media",
            "metadata": {},
            "name": "raw-data/1860/territory-nevada.pdf",
            "output_name": "raw-data/1860/territory-nevada.pdf",
            "retention": [],
            "self_link": "https://www.googleapis.com/storage/v1/b/org-icelus-us-healthcare-survey-raw/o/raw-data%2F1860%2Fterritory-nevada.pdf",
            "source": "raw-data/1860/territory-nevada.pdf",
            "storage_class": "STANDARD",
            "temporary_hold": false,
            "timeouts": null
          },
          "sensitive_attributes": [],
          "private": "eyJlMmJmYjczMC1lY2FhLTExZTYtOGY4OC0zNDM2M2JjN2M0YzAiOnsiY3JlYXRlIjoyNDAwMDAwMDAwMDAsImRlbGV0ZSI6MjQwMDAwMDAwMDAwLCJ1cGRhdGUiOjI0MDAwMDAwMDAwMH19",
          "dependencies": [
            "google_storage_bucket.raw-data"
          ]
        },
        {
          "index_key": "raw-data/1860/territory-new-mexico.pdf",
          "schema_version": 0,
          "attributes": {
            "bucket": "org-icelus-us-healthcare-survey-raw",
            "cache_control": "",
            "content": null,
            "content_disposition": "",
            "content_encoding": "",
            "content_language": "",
            "content_type": "application/pdf",
            "crc32c": "PtU11Q==",
            "customer_encryption": [],
            "detect_md5hash": "k2Z8/BtOMvuHBLkvlfWguA==",
            "event_based_hold": false,
            "id": "org-icelus-us-healthcare-survey-raw-raw-data/1860/territory-new-mexico.pdf",
            "kms_key_name": "",
            "md5hash": "k2Z8/BtOMvuHBLkvlfWguA==",
            "media_link": "https://storage.googleapis.com/download/storage/v1/b/org-icelus-us-healthcare-survey-raw/o/raw-data%2F1860%2Fterritory-new-mexico.pdf?generation=1711808134780045\u0026alt=media",
            "metadata": {},
            "name": "raw-data/1860/territory-new-mexico.pdf",
            "output_name": "raw-data/1860/territory-new-mexico.pdf",
            "retention": [],
            "self_link": "https://www.googleapis.com/storage/v1/b/org-icelus-us-healthcare-survey-raw/o/raw-data%2F1860%2Fterritory-new-mexico.pdf",
            "source": "raw-data/1860/territory-new-mexico.pdf",
            "storage_class": "STANDARD",
            "temporary_hold": false,
            "timeouts": null
          },
          "sensitive_attributes": [],
          "private": "eyJlMmJmYjczMC1lY2FhLTExZTYtOGY4OC0zNDM2M2JjN2M0YzAiOnsiY3JlYXRlIjoyNDAwMDAwMDAwMDAsImRlbGV0ZSI6MjQwMDAwMDAwMDAwLCJ1cGRhdGUiOjI0MDAwMDAwMDAwMH19",
          "dependencies": [
            "google_storage_bucket.raw-data"
          ]
        },
        {
          "index_key": "raw-data/1860/territory-utah.pdf",
          "schema_version": 0,
          "attributes": {
            "bucket": "org-icelus-us-healthcare-survey-raw",
            "cache_control": "",
            "content": null,
            "content_disposition": "",
            "content_encoding": "",
            "content_language": "",
            "content_type": "application/pdf",
            "crc32c": "72kYrA==",
            "customer_encryption": [],
            "detect_md5hash": "ctdptSFvVLNKp8jlea/I7A==",
            "event_based_hold": false,
            "id": "org-icelus-us-healthcare-survey-raw-raw-data/1860/territory-utah.pdf",
            "kms_key_name": "",
            "md5hash": "ctdptSFvVLNKp8jlea/I7A==",
            "media_link": "https://storage.googleapis.com/download/storage/v1/b/org-icelus-us-healthcare-survey-raw/o/raw-data%2F1860%2Fterritory-utah.pdf?generation=1711808143720125\u0026alt=media",
            "metadata": {},
            "name": "raw-data/1860/territory-utah.pdf",
            "output_name": "raw-data/1860/territory-utah.pdf",
            "retention": [],
            "self_link": "https://www.googleapis.com/storage/v1/b/org-icelus-us-healthcare-survey-raw/o/raw-data%2F1860%2Fterritory-utah.pdf",
            "source": "raw-data/1860/territory-utah.pdf",
            "storage_class": "STANDARD",
            "temporary_hold": false,
            "timeouts": null
          },
          "sensitive_attributes": [],
          "private": "eyJlMmJmYjczMC1lY2FhLTExZTYtOGY4OC0zNDM2M2JjN2M0YzAiOnsiY3JlYXRlIjoyNDAwMDAwMDAwMDAsImRlbGV0ZSI6MjQwMDAwMDAwMDAwLCJ1cGRhdGUiOjI0MDAwMDAwMDAwMH19",
          "dependencies": [
            "google_storage_bucket.raw-data"
          ]
        },
        {
          "index_key": "raw-data/1860/territory-washington.pdf",
          "schema_version": 0,
          "attributes": {
            "bucket": "org-icelus-us-healthcare-survey-raw",
            "cache_control": "",
            "content": null,
            "content_disposition": "",
            "content_encoding": "",
            "content_language": "",
            "content_type": "application/pdf",
            "crc32c": "AV8tfA==",
            "customer_encryption": [],
            "detect_md5hash": "OdohbQSgx6TgaIYW48D6bA==",
            "event_based_hold": false,
            "id": "org-icelus-us-healthcare-survey-raw-raw-data/1860/territory-washington.pdf",
            "kms_key_name": "",
            "md5hash": "OdohbQSgx6TgaIYW48D6bA==",
            "media_link": "https://storage.googleapis.com/download/storage/v1/b/org-icelus-us-healthcare-survey-raw/o/raw-data%2F1860%2Fterritory-washington.pdf?generation=1711808130727253\u0026alt=media",
            "metadata": {},
            "name": "raw-data/1860/territory-washington.pdf",
            "output_name": "raw-data/1860/territory-washington.pdf",
            "retention": [],
            "self_link": "https://www.googleapis.com/storage/v1/b/org-icelus-us-healthcare-survey-raw/o/raw-data%2F1860%2Fterritory-washington.pdf",
            "source": "raw-data/1860/territory-washington.pdf",
            "storage_class": "STANDARD",
            "temporary_hold": false,
            "timeouts": null
          },
          "sensitive_attributes": [],
          "private": "eyJlMmJmYjczMC1lY2FhLTExZTYtOGY4OC0zNDM2M2JjN2M0YzAiOnsiY3JlYXRlIjoyNDAwMDAwMDAwMDAsImRlbGV0ZSI6MjQwMDAwMDAwMDAwLCJ1cGRhdGUiOjI0MDAwMDAwMDAwMH19",
          "dependencies": [
            "google_storage_bucket.raw-data"
          ]
        },
        {
          "index_key": "raw-data/1870/segment-1.pdf",
          "schema_version": 0,
          "attributes": {
            "bucket": "org-icelus-us-healthcare-survey-raw",
            "cache_control": "",
            "content": null,
            "content_disposition": "",
            "content_encoding": "",
            "content_language": "",
            "content_type": "application/pdf",
            "crc32c": "5QLbjA==",
            "customer_encryption": [],
            "detect_md5hash": "vSWHbpuhvgFuj/GYnn7cCQ==",
            "event_based_hold": false,
            "id": "org-icelus-us-healthcare-survey-raw-raw-data/1870/segment-1.pdf",
            "kms_key_name": "",
            "md5hash": "vSWHbpuhvgFuj/GYnn7cCQ==",
            "media_link": "https://storage.googleapis.com/download/storage/v1/b/org-icelus-us-healthcare-survey-raw/o/raw-data%2F1870%2Fsegment-1.pdf?generation=1711809071604389\u0026alt=media",
            "metadata": {},
            "name": "raw-data/1870/segment-1.pdf",
            "output_name": "raw-data/1870/segment-1.pdf",
            "retention": [],
            "self_link": "https://www.googleapis.com/storage/v1/b/org-icelus-us-healthcare-survey-raw/o/raw-data%2F1870%2Fsegment-1.pdf",
            "source": "raw-data/1870/segment-1.pdf",
            "storage_class": "STANDARD",
            "temporary_hold": false,
            "timeouts": null
          },
          "sensitive_attributes": [],
          "private": "eyJlMmJmYjczMC1lY2FhLTExZTYtOGY4OC0zNDM2M2JjN2M0YzAiOnsiY3JlYXRlIjoyNDAwMDAwMDAwMDAsImRlbGV0ZSI6MjQwMDAwMDAwMDAwLCJ1cGRhdGUiOjI0MDAwMDAwMDAwMH19",
          "dependencies": [
            "google_storage_bucket.raw-data"
          ]
        },
        {
          "index_key": "raw-data/1870/segment-2.pdf",
          "schema_version": 0,
          "attributes": {
            "bucket": "org-icelus-us-healthcare-survey-raw",
            "cache_control": "",
            "content": null,
            "content_disposition": "",
            "content_encoding": "",
            "content_language": "",
            "content_type": "application/pdf",
            "crc32c": "KCjRuA==",
            "customer_encryption": [],
            "detect_md5hash": "ujIQBwbfE0yvCkND6vZODQ==",
            "event_based_hold": false,
            "id": "org-icelus-us-healthcare-survey-raw-raw-data/1870/segment-2.pdf",
            "kms_key_name": "",
            "md5hash": "ujIQBwbfE0yvCkND6vZODQ==",
            "media_link": "https://storage.googleapis.com/download/storage/v1/b/org-icelus-us-healthcare-survey-raw/o/raw-data%2F1870%2Fsegment-2.pdf?generation=1711809071832844\u0026alt=media",
            "metadata": {},
            "name": "raw-data/1870/segment-2.pdf",
            "output_name": "raw-data/1870/segment-2.pdf",
            "retention": [],
            "self_link": "https://www.googleapis.com/storage/v1/b/org-icelus-us-healthcare-survey-raw/o/raw-data%2F1870%2Fsegment-2.pdf",
            "source": "raw-data/1870/segment-2.pdf",
            "storage_class": "STANDARD",
            "temporary_hold": false,
            "timeouts": null
          },
          "sensitive_attributes": [],
          "private": "eyJlMmJmYjczMC1lY2FhLTExZTYtOGY4OC0zNDM2M2JjN2M0YzAiOnsiY3JlYXRlIjoyNDAwMDAwMDAwMDAsImRlbGV0ZSI6MjQwMDAwMDAwMDAwLCJ1cGRhdGUiOjI0MDAwMDAwMDAwMH19",
          "dependencies": [
            "google_storage_bucket.raw-data"
          ]
        },
        {
          "index_key": "raw-data/1870/segment-3.pdf",
          "schema_version": 0,
          "attributes": {
            "bucket": "org-icelus-us-healthcare-survey-raw",
            "cache_control": "",
            "content": null,
            "content_disposition": "",
            "content_encoding": "",
            "content_language": "",
            "content_type": "application/pdf",
            "crc32c": "OH/huA==",
            "customer_encryption": [],
            "detect_md5hash": "nyRp1oMGGK2QeLbClTwK7A==",
            "event_based_hold": false,
            "id": "org-icelus-us-healthcare-survey-raw-raw-data/1870/segment-3.pdf",
            "kms_key_name": "",
            "md5hash": "nyRp1oMGGK2QeLbClTwK7A==",
            "media_link": "https://storage.googleapis.com/download/storage/v1/b/org-icelus-us-healthcare-survey-raw/o/raw-data%2F1870%2Fsegment-3.pdf?generation=1711809071927924\u0026alt=media",
            "metadata": {},
            "name": "raw-data/1870/segment-3.pdf",
            "output_name": "raw-data/1870/segment-3.pdf",
            "retention": [],
            "self_link": "https://www.googleapis.com/storage/v1/b/org-icelus-us-healthcare-survey-raw/o/raw-data%2F1870%2Fsegment-3.pdf",
            "source": "raw-data/1870/segment-3.pdf",
            "storage_class": "STANDARD",
            "temporary_hold": false,
            "timeouts": null
          },
          "sensitive_attributes": [],
          "private": "eyJlMmJmYjczMC1lY2FhLTExZTYtOGY4OC0zNDM2M2JjN2M0YzAiOnsiY3JlYXRlIjoyNDAwMDAwMDAwMDAsImRlbGV0ZSI6MjQwMDAwMDAwMDAwLCJ1cGRhdGUiOjI0MDAwMDAwMDAwMH19",
          "dependencies": [
            "google_storage_bucket.raw-data"
          ]
        },
        {
          "index_key": "raw-data/1870/segment-4.pdf",
          "schema_version": 0,
          "attributes": {
            "bucket": "org-icelus-us-healthcare-survey-raw",
            "cache_control": "",
            "content": null,
            "content_disposition": "",
            "content_encoding": "",
            "content_language": "",
            "content_type": "application/pdf",
            "crc32c": "9z2Pvg==",
            "customer_encryption": [],
            "detect_md5hash": "w8LMVLx+ToquPRHFFXTgiw==",
            "event_based_hold": false,
            "id": "org-icelus-us-healthcare-survey-raw-raw-data/1870/segment-4.pdf",
            "kms_key_name": "",
            "md5hash": "w8LMVLx+ToquPRHFFXTgiw==",
            "media_link": "https://storage.googleapis.com/download/storage/v1/b/org-icelus-us-healthcare-survey-raw/o/raw-data%2F1870%2Fsegment-4.pdf?generation=1711809071835625\u0026alt=media",
            "metadata": {},
            "name": "raw-data/1870/segment-4.pdf",
            "output_name": "raw-data/1870/segment-4.pdf",
            "retention": [],
            "self_link": "https://www.googleapis.com/storage/v1/b/org-icelus-us-healthcare-survey-raw/o/raw-data%2F1870%2Fsegment-4.pdf",
            "source": "raw-data/1870/segment-4.pdf",
            "storage_class": "STANDARD",
            "temporary_hold": false,
            "timeouts": null
          },
          "sensitive_attributes": [],
          "private": "eyJlMmJmYjczMC1lY2FhLTExZTYtOGY4OC0zNDM2M2JjN2M0YzAiOnsiY3JlYXRlIjoyNDAwMDAwMDAwMDAsImRlbGV0ZSI6MjQwMDAwMDAwMDAwLCJ1cGRhdGUiOjI0MDAwMDAwMDAwMH19",
          "dependencies": [
            "google_storage_bucket.raw-data"
          ]
        },
        {
          "index_key": "raw-data/1870/segment-5.pdf",
          "schema_version": 0,
          "attributes": {
            "bucket": "org-icelus-us-healthcare-survey-raw",
            "cache_control": "",
            "content": null,
            "content_disposition": "",
            "content_encoding": "",
            "content_language": "",
            "content_type": "application/pdf",
            "crc32c": "1g/9cw==",
            "customer_encryption": [],
            "detect_md5hash": "q3JuOql4gad+rQ605swHVw==",
            "event_based_hold": false,
            "id": "org-icelus-us-healthcare-survey-raw-raw-data/1870/segment-5.pdf",
            "kms_key_name": "",
            "md5hash": "q3JuOql4gad+rQ605swHVw==",
            "media_link": "https://storage.googleapis.com/download/storage/v1/b/org-icelus-us-healthcare-survey-raw/o/raw-data%2F1870%2Fsegment-5.pdf?generation=1711809069357789\u0026alt=media",
            "metadata": {},
            "name": "raw-data/1870/segment-5.pdf",
            "output_name": "raw-data/1870/segment-5.pdf",
            "retention": [],
            "self_link": "https://www.googleapis.com/storage/v1/b/org-icelus-us-healthcare-survey-raw/o/raw-data%2F1870%2Fsegment-5.pdf",
            "source": "raw-data/1870/segment-5.pdf",
            "storage_class": "STANDARD",
            "temporary_hold": false,
            "timeouts": null
          },
          "sensitive_attributes": [],
          "private": "eyJlMmJmYjczMC1lY2FhLTExZTYtOGY4OC0zNDM2M2JjN2M0YzAiOnsiY3JlYXRlIjoyNDAwMDAwMDAwMDAsImRlbGV0ZSI6MjQwMDAwMDAwMDAwLCJ1cGRhdGUiOjI0MDAwMDAwMDAwMH19",
          "dependencies": [
            "google_storage_bucket.raw-data"
          ]
        },
        {
          "index_key": "raw-data/1870/segment-6.pdf",
          "schema_version": 0,
          "attributes": {
            "bucket": "org-icelus-us-healthcare-survey-raw",
            "cache_control": "",
            "content": null,
            "content_disposition": "",
            "content_encoding": "",
            "content_language": "",
            "content_type": "application/pdf",
            "crc32c": "jjyIQw==",
            "customer_encryption": [],
            "detect_md5hash": "rhKKcGntA+XC/OCLTKDQSw==",
            "event_based_hold": false,
            "id": "org-icelus-us-healthcare-survey-raw-raw-data/1870/segment-6.pdf",
            "kms_key_name": "",
            "md5hash": "rhKKcGntA+XC/OCLTKDQSw==",
            "media_link": "https://storage.googleapis.com/download/storage/v1/b/org-icelus-us-healthcare-survey-raw/o/raw-data%2F1870%2Fsegment-6.pdf?generation=1711809072041862\u0026alt=media",
            "metadata": {},
            "name": "raw-data/1870/segment-6.pdf",
            "output_name": "raw-data/1870/segment-6.pdf",
            "retention": [],
            "self_link": "https://www.googleapis.com/storage/v1/b/org-icelus-us-healthcare-survey-raw/o/raw-data%2F1870%2Fsegment-6.pdf",
            "source": "raw-data/1870/segment-6.pdf",
            "storage_class": "STANDARD",
            "temporary_hold": false,
            "timeouts": null
          },
          "sensitive_attributes": [],
          "private": "eyJlMmJmYjczMC1lY2FhLTExZTYtOGY4OC0zNDM2M2JjN2M0YzAiOnsiY3JlYXRlIjoyNDAwMDAwMDAwMDAsImRlbGV0ZSI6MjQwMDAwMDAwMDAwLCJ1cGRhdGUiOjI0MDAwMDAwMDAwMH19",
          "dependencies": [
            "google_storage_bucket.raw-data"
          ]
        },
        {
          "index_key": "raw-data/1870/segment-7.pdf",
          "schema_version": 0,
          "attributes": {
            "bucket": "org-icelus-us-healthcare-survey-raw",
            "cache_control": "",
            "content": null,
            "content_disposition": "",
            "content_encoding": "",
            "content_language": "",
            "content_type": "application/pdf",
            "crc32c": "2ZdIKg==",
            "customer_encryption": [],
            "detect_md5hash": "xRQmH5kMTHIY5XvzjxRl9w==",
            "event_based_hold": false,
            "id": "org-icelus-us-healthcare-survey-raw-raw-data/1870/segment-7.pdf",
            "kms_key_name": "",
            "md5hash": "xRQmH5kMTHIY5XvzjxRl9w==",
            "media_link": "https://storage.googleapis.com/download/storage/v1/b/org-icelus-us-healthcare-survey-raw/o/raw-data%2F1870%2Fsegment-7.pdf?generation=1711809070615890\u0026alt=media",
            "metadata": {},
            "name": "raw-data/1870/segment-7.pdf",
            "output_name": "raw-data/1870/segment-7.pdf",
            "retention": [],
            "self_link": "https://www.googleapis.com/storage/v1/b/org-icelus-us-healthcare-survey-raw/o/raw-data%2F1870%2Fsegment-7.pdf",
            "source": "raw-data/1870/segment-7.pdf",
            "storage_class": "STANDARD",
            "temporary_hold": false,
            "timeouts": null
          },
          "sensitive_attributes": [],
          "private": "eyJlMmJmYjczMC1lY2FhLTExZTYtOGY4OC0zNDM2M2JjN2M0YzAiOnsiY3JlYXRlIjoyNDAwMDAwMDAwMDAsImRlbGV0ZSI6MjQwMDAwMDAwMDAwLCJ1cGRhdGUiOjI0MDAwMDAwMDAwMH19",
          "dependencies": [
            "google_storage_bucket.raw-data"
          ]
        },
        {
          "index_key": "raw-data/1880/1880_v1-08.pdf",
          "schema_version": 0,
          "attributes": {
            "bucket": "org-icelus-us-healthcare-survey-raw",
            "cache_control": "",
            "content": null,
            "content_disposition": "",
            "content_encoding": "",
            "content_language": "",
            "content_type": "application/pdf",
            "crc32c": "Vcq+RQ==",
            "customer_encryption": [],
            "detect_md5hash": "FT8wZ/CiIpNzmZwYycWXXw==",
            "event_based_hold": false,
            "id": "org-icelus-us-healthcare-survey-raw-raw-data/1880/1880_v1-08.pdf",
            "kms_key_name": "",
            "md5hash": "FT8wZ/CiIpNzmZwYycWXXw==",
            "media_link": "https://storage.googleapis.com/download/storage/v1/b/org-icelus-us-healthcare-survey-raw/o/raw-data%2F1880%2F1880_v1-08.pdf?generation=1711809605619238\u0026alt=media",
            "metadata": {},
            "name": "raw-data/1880/1880_v1-08.pdf",
            "output_name": "raw-data/1880/1880_v1-08.pdf",
            "retention": [],
            "self_link": "https://www.googleapis.com/storage/v1/b/org-icelus-us-healthcare-survey-raw/o/raw-data%2F1880%2F1880_v1-08.pdf",
            "source": "raw-data/1880/1880_v1-08.pdf",
            "storage_class": "STANDARD",
            "temporary_hold": false,
            "timeouts": null
          },
          "sensitive_attributes": [],
          "private": "eyJlMmJmYjczMC1lY2FhLTExZTYtOGY4OC0zNDM2M2JjN2M0YzAiOnsiY3JlYXRlIjoyNDAwMDAwMDAwMDAsImRlbGV0ZSI6MjQwMDAwMDAwMDAwLCJ1cGRhdGUiOjI0MDAwMDAwMDAwMH19",
          "dependencies": [
            "google_storage_bucket.raw-data"
          ]
        },
        {
          "index_key": "raw-data/1890/1890a_v1-06.pdf",
          "schema_version": 0,
          "attributes": {
            "bucket": "org-icelus-us-healthcare-survey-raw",
            "cache_control": "",
            "content": null,
            "content_disposition": "",
            "content_encoding": "",
            "content_language": "",
            "content_type": "application/pdf",
            "crc32c": "VZBhGg==",
            "customer_encryption": [],
            "detect_md5hash": "7bc3kTOdQhodWBsRHJ7QDw==",
            "event_based_hold": false,
            "id": "org-icelus-us-healthcare-survey-raw-raw-data/1890/1890a_v1-06.pdf",
            "kms_key_name": "",
            "md5hash": "7bc3kTOdQhodWBsRHJ7QDw==",
            "media_link": "https://storage.googleapis.com/download/storage/v1/b/org-icelus-us-healthcare-survey-raw/o/raw-data%2F1890%2F1890a_v1-06.pdf?generation=1711811527760939\u0026alt=media",
            "metadata": {},
            "name": "raw-data/1890/1890a_v1-06.pdf",
            "output_name": "raw-data/1890/1890a_v1-06.pdf",
            "retention": [],
            "self_link": "https://www.googleapis.com/storage/v1/b/org-icelus-us-healthcare-survey-raw/o/raw-data%2F1890%2F1890a_v1-06.pdf",
            "source": "raw-data/1890/1890a_v1-06.pdf",
            "storage_class": "STANDARD",
            "temporary_hold": false,
            "timeouts": null
          },
          "sensitive_attributes": [],
          "private": "eyJlMmJmYjczMC1lY2FhLTExZTYtOGY4OC0zNDM2M2JjN2M0YzAiOnsiY3JlYXRlIjoyNDAwMDAwMDAwMDAsImRlbGV0ZSI6MjQwMDAwMDAwMDAwLCJ1cGRhdGUiOjI0MDAwMDAwMDAwMH19",
          "dependencies": [
            "google_storage_bucket.raw-data"
          ]
        },
        {
          "index_key": "raw-data/1900/volume-1-p2.pdf",
          "schema_version": 0,
          "attributes": {
            "bucket": "org-icelus-us-healthcare-survey-raw",
            "cache_control": "",
            "content": null,
            "content_disposition": "",
            "content_encoding": "",
            "content_language": "",
            "content_type": "application/pdf",
            "crc32c": "n4vpIg==",
            "customer_encryption": [],
            "detect_md5hash": "csmu3RtacpDQ+vlEGBANJA==",
            "event_based_hold": false,
            "id": "org-icelus-us-healthcare-survey-raw-raw-data/1900/volume-1-p2.pdf",
            "kms_key_name": "",
            "md5hash": "csmu3RtacpDQ+vlEGBANJA==",
            "media_link": "https://storage.googleapis.com/download/storage/v1/b/org-icelus-us-healthcare-survey-raw/o/raw-data%2F1900%2Fvolume-1-p2.pdf?generation=1711811704491166\u0026alt=media",
            "metadata": null,
            "name": "raw-data/1900/volume-1-p2.pdf",
            "output_name": "raw-data/1900/volume-1-p2.pdf",
            "retention": [],
            "self_link": "https://www.googleapis.com/storage/v1/b/org-icelus-us-healthcare-survey-raw/o/raw-data%2F1900%2Fvolume-1-p2.pdf",
            "source": "raw-data/1900/volume-1-p2.pdf",
            "storage_class": "STANDARD",
            "temporary_hold": false,
            "timeouts": null
          },
          "sensitive_attributes": [],
          "private": "eyJlMmJmYjczMC1lY2FhLTExZTYtOGY4OC0zNDM2M2JjN2M0YzAiOnsiY3JlYXRlIjoyNDAwMDAwMDAwMDAsImRlbGV0ZSI6MjQwMDAwMDAwMDAwLCJ1cGRhdGUiOjI0MDAwMDAwMDAwMH19",
          "dependencies": [
            "google_storage_bucket.raw-data"
          ]
        }
      ]
    }
  ],
  "check_results": null
}
